<?xml version="1.0" encoding="utf-8"?>
<Project ToolsVersion="4.0" xmlns="http://schemas.microsoft.com/developer/msbuild/2003">
  <ItemGroup>
    <Filter Include="00. Header">
      <UniqueIdentifier>{e0290310-9420-41cb-a8d1-dceef21c4f18}</UniqueIdentifier>
    </Filter>
    <Filter Include="01. MainApp">
      <UniqueIdentifier>{d33d1112-27ac-4863-8d1a-000ce3248c36}</UniqueIdentifier>
    </Filter>
    <Filter Include="99. Default">
      <UniqueIdentifier>{2cca241f-8c9f-450d-b985-eb6cc299ca45}</UniqueIdentifier>
    </Filter>
    <Filter Include="02. Design">
      <UniqueIdentifier>{87686f36-0aff-4697-ac5b-7471e27f27d2}</UniqueIdentifier>
    </Filter>
    <Filter Include="04. Module">
      <UniqueIdentifier>{3a1e0950-c04f-4e31-b459-23f0ecae319d}</UniqueIdentifier>
    </Filter>
    <Filter Include="04. Module\00. Functor">
      <UniqueIdentifier>{38c211c4-91bd-4027-8676-a7f2b2c6986d}</UniqueIdentifier>
    </Filter>
    <Filter Include="04. Module\01. Utility">
      <UniqueIdentifier>{9f9b5dab-e6d0-40d6-ac81-1007a6b63467}</UniqueIdentifier>
    </Filter>
    <Filter Include="03. Instances">
      <UniqueIdentifier>{f9a7ca65-19b2-4707-8baf-8704fbfefdd0}</UniqueIdentifier>
    </Filter>
    <Filter Include="03. Instances\02. GameObject">
      <UniqueIdentifier>{fcc28956-43c8-4d1e-ab30-d5f4892f07d4}</UniqueIdentifier>
    </Filter>
    <Filter Include="03. Instances\01. Level">
      <UniqueIdentifier>{4024bbdb-c656-4a43-bb70-c99eb58d9c76}</UniqueIdentifier>
    </Filter>
    <Filter Include="03. Instances\03. Component">
      <UniqueIdentifier>{97a9d4be-a63d-419b-84aa-7f691c038efe}</UniqueIdentifier>
    </Filter>
    <Filter Include="03. Instances\02. GameObject\01. UI">
      <UniqueIdentifier>{2af18f2f-4a48-4919-8cee-dbbc2b2d1574}</UniqueIdentifier>
    </Filter>
    <Filter Include="03. Instances\02. GameObject\02. Unit">
      <UniqueIdentifier>{5ace4eb0-2e8b-4956-9a87-e813c988962b}</UniqueIdentifier>
    </Filter>
    <Filter Include="02. Design\01. Loading_Manager">
      <UniqueIdentifier>{4f731315-f33d-4843-8fd4-2bd76f8c123e}</UniqueIdentifier>
    </Filter>
    <Filter Include="02. Design\02. Abstract_Factory">
      <UniqueIdentifier>{91a7f978-fd46-42d9-be06-33f6f15a84c8}</UniqueIdentifier>
    </Filter>
    <Filter Include="05. ShaderFiles">
      <UniqueIdentifier>{7e4a1fbd-7abb-4df9-8f71-7a882dc91bcf}</UniqueIdentifier>
    </Filter>
    <Filter Include="03. Instances\03. Component\01. Scriptable">
      <UniqueIdentifier>{de33774c-a19d-4592-aa2d-d3f122a51d8d}</UniqueIdentifier>
    </Filter>
    <Filter Include="03. Instances\03. Component\01. Scriptable\Script_FreeCam">
      <UniqueIdentifier>{bdb3f120-a30f-47b6-b6fa-8f85abad82f2}</UniqueIdentifier>
    </Filter>
    <Filter Include="03. Instances\02. GameObject\03. Camera">
      <UniqueIdentifier>{a7c876e7-acb8-4078-985c-9d806694ba93}</UniqueIdentifier>
    </Filter>
    <Filter Include="03. Instances\02. GameObject\03. Camera\Camera_Free">
      <UniqueIdentifier>{3a78cade-5ede-4357-b853-72beb4c76d23}</UniqueIdentifier>
    </Filter>
    <Filter Include="04. Module\01. Utility\Utility_Transform">
      <UniqueIdentifier>{797fc741-5103-4b2f-82be-954a377f6d15}</UniqueIdentifier>
    </Filter>
    <Filter Include="03. Instances\01. Level\00. Level_Loading">
      <UniqueIdentifier>{01e49f4a-6746-4eab-bb07-8420e38cdb08}</UniqueIdentifier>
    </Filter>
    <Filter Include="03. Instances\02. GameObject\03. Camera\Camera_Default">
      <UniqueIdentifier>{cca51b9b-4651-470b-9cb5-6322f05da2e4}</UniqueIdentifier>
    </Filter>
    <Filter Include="02. Design\05. ImGui_Manager">
      <UniqueIdentifier>{29f03db1-0e78-4cc0-ae04-d51f360b2db0}</UniqueIdentifier>
    </Filter>
    <Filter Include="02. Design\05. ImGui_Manager\ImGui">
      <UniqueIdentifier>{72ea879c-c2bf-4e9f-a8f1-f866aa013f4d}</UniqueIdentifier>
    </Filter>
    <Filter Include="02. Design\05. ImGui_Manager\ImGui_Window">
      <UniqueIdentifier>{c93b7f01-98f6-4c3d-ba3c-62411939ed83}</UniqueIdentifier>
    </Filter>
    <Filter Include="02. Design\05. ImGui_Manager\ImGui_Window\01. Window_Default">
      <UniqueIdentifier>{6a6a4de7-3c95-4414-bf2e-3e875da97250}</UniqueIdentifier>
    </Filter>
    <Filter Include="02. Design\05. ImGui_Manager\ImGui_Window\00. base">
      <UniqueIdentifier>{619deb11-b6fb-45ca-bf3d-8884254c2f9a}</UniqueIdentifier>
    </Filter>
    <Filter Include="02. Design\05. ImGui_Manager\ImGui_Window\02. Window_Select">
      <UniqueIdentifier>{ce510bcd-be11-4df7-9ffe-fb24c9f65018}</UniqueIdentifier>
    </Filter>
    <Filter Include="03. Instances\02. GameObject\01. UI\00. Base">
      <UniqueIdentifier>{fd6488fc-6d17-4d39-985b-4cc0c04d6679}</UniqueIdentifier>
    </Filter>
    <Filter Include="02. Design\03. User">
      <UniqueIdentifier>{f750e642-8359-40d2-97e5-52a68afcc440}</UniqueIdentifier>
    </Filter>
    <Filter Include="03. Instances\02. GameObject\04. SkyBox">
      <UniqueIdentifier>{e44984c4-ff41-4acd-bb30-f34b71e76516}</UniqueIdentifier>
    </Filter>
    <Filter Include="03. Instances\02. GameObject\05. Decoration">
      <UniqueIdentifier>{763de49c-7246-49ef-91f9-ae6ba14443e3}</UniqueIdentifier>
    </Filter>
    <Filter Include="03. Instances\02. GameObject\06. Map">
      <UniqueIdentifier>{f265b4ab-8149-4659-a048-46f691b0caf3}</UniqueIdentifier>
    </Filter>
    <Filter Include="03. Instances\02. GameObject\07. Terrain">
      <UniqueIdentifier>{7f6b8132-3a08-4709-a053-5fa44a00fd19}</UniqueIdentifier>
    </Filter>
    <Filter Include="02. Design\06. State_Manager">
      <UniqueIdentifier>{38d41e3d-6060-431b-a68c-f9ef961b2c94}</UniqueIdentifier>
    </Filter>
    <Filter Include="02. Design\06. State_Manager\States">
      <UniqueIdentifier>{5abfb749-92c2-4174-8c66-26c7adeb52a5}</UniqueIdentifier>
    </Filter>
    <Filter Include="03. Instances\02. GameObject\08. Effect">
      <UniqueIdentifier>{394425bb-c3e9-44b4-a0b1-6780ecfb8107}</UniqueIdentifier>
    </Filter>
    <Filter Include="02. Design\06. State_Manager\States\01. Base">
      <UniqueIdentifier>{974c3454-2fa5-4cb7-b211-724ec8776417}</UniqueIdentifier>
    </Filter>
    <Filter Include="02. Design\06. State_Manager\States\01. Base\01. Idle">
      <UniqueIdentifier>{55da9af3-4a32-4e5f-8d7e-d33016b948e4}</UniqueIdentifier>
    </Filter>
    <Filter Include="02. Design\06. State_Manager\States\01. Base\01. Idle\Idle_Player">
      <UniqueIdentifier>{ecacf648-1230-410e-b07a-102c9b08b1b1}</UniqueIdentifier>
    </Filter>
    <Filter Include="02. Design\02. Abstract_Factory\Effects_Factory">
      <UniqueIdentifier>{436171af-21e9-47fa-a99b-dda41cc50f62}</UniqueIdentifier>
    </Filter>
    <Filter Include="03. Instances\01. Level\01. Level_Test">
      <UniqueIdentifier>{74da3066-0c94-411f-9ab2-a8fa523e4cf1}</UniqueIdentifier>
    </Filter>
    <Filter Include="03. Instances\03. Component\02. Fader">
      <UniqueIdentifier>{e3a093a7-6adb-430e-8b7c-0c0af79af8b6}</UniqueIdentifier>
    </Filter>
    <Filter Include="03. Instances\03. Component\03. TrailBuffer">
      <UniqueIdentifier>{6f53b573-925a-4eac-ae6c-0f9507bf0b58}</UniqueIdentifier>
    </Filter>
    <Filter Include="03. Instances\02. GameObject\08. Effect\01. TrailEffect">
      <UniqueIdentifier>{2c1c6df1-abd8-4c61-88d2-0c9d2c52c299}</UniqueIdentifier>
    </Filter>
    <Filter Include="03. Instances\02. GameObject\02. Unit\Warrior">
      <UniqueIdentifier>{abd8fd76-6aa3-4e98-a8ba-8bba737a652d}</UniqueIdentifier>
    </Filter>
    <Filter Include="02. Design\05. ImGui_Manager\ImGui_Window\03.Window_MapTool">
      <UniqueIdentifier>{bf927561-f572-4c65-946d-6c75c148b802}</UniqueIdentifier>
    </Filter>
  </ItemGroup>
  <ItemGroup>
    <ClInclude Include="Client.h">
      <Filter>99. Default</Filter>
    </ClInclude>
    <ClInclude Include="Resource.h">
      <Filter>99. Default</Filter>
    </ClInclude>
    <ClInclude Include="targetver.h">
      <Filter>99. Default</Filter>
    </ClInclude>
    <ClInclude Include="..\Public\Client_Defines.h">
      <Filter>00. Header</Filter>
    </ClInclude>
    <ClInclude Include="..\Public\Client_Enum.h">
      <Filter>00. Header</Filter>
    </ClInclude>
    <ClInclude Include="..\Public\Client_Functor.h">
      <Filter>00. Header</Filter>
    </ClInclude>
    <ClInclude Include="..\Public\MainApp.h">
      <Filter>01. MainApp</Filter>
    </ClInclude>
    <ClInclude Include="stdafx.h">
      <Filter>99. Default</Filter>
    </ClInclude>
    <ClInclude Include="..\Public\Client_Macro.h">
      <Filter>00. Header</Filter>
    </ClInclude>
    <ClInclude Include="..\Public\Client_Struct.h">
      <Filter>00. Header</Filter>
    </ClInclude>
    <ClInclude Include="..\public\Functor.h">
      <Filter>04. Module\00. Functor</Filter>
    </ClInclude>
    <ClInclude Include="..\Public\Loading_Manager.h">
      <Filter>02. Design\01. Loading_Manager</Filter>
    </ClInclude>
    <ClInclude Include="..\public\CScript_Freecam.h">
      <Filter>03. Instances\03. Component\01. Scriptable\Script_FreeCam</Filter>
    </ClInclude>
    <ClInclude Include="..\public\CCamera_Free.h">
      <Filter>03. Instances\02. GameObject\03. Camera\Camera_Free</Filter>
    </ClInclude>
    <ClInclude Include="..\public\CLevel_Test.h">
      <Filter>03. Instances\01. Level\01. Level_Test</Filter>
    </ClInclude>
    <ClInclude Include="..\public\CUser.h">
      <Filter>02. Design\03. User</Filter>
    </ClInclude>
    <ClInclude Include="..\public\CUtility_Transform.h">
      <Filter>04. Module\01. Utility\Utility_Transform</Filter>
    </ClInclude>
    <ClInclude Include="..\public\CLevel_Loading.h">
      <Filter>03. Instances\01. Level\00. Level_Loading</Filter>
    </ClInclude>
    <ClInclude Include="..\public\CFader.h">
      <Filter>03. Instances\03. Component\02. Fader</Filter>
    </ClInclude>
    <ClInclude Include="..\Bin\ShaderFiles\Client_Shader_Defines.hpp">
      <Filter>05. ShaderFiles</Filter>
    </ClInclude>
    <ClInclude Include="..\public\CCamera_Default.h">
      <Filter>03. Instances\02. GameObject\03. Camera\Camera_Default</Filter>
    </ClInclude>
    <ClInclude Include="..\Public\ImGui_Manager.h">
      <Filter>02. Design\05. ImGui_Manager</Filter>
    </ClInclude>
    <ClInclude Include="..\..\Reference\Headers\Imgui\imconfig.h">
      <Filter>02. Design\05. ImGui_Manager\ImGui</Filter>
    </ClInclude>
    <ClInclude Include="..\..\Reference\Headers\Imgui\imgui.h">
      <Filter>02. Design\05. ImGui_Manager\ImGui</Filter>
    </ClInclude>
    <ClInclude Include="..\..\Reference\Headers\Imgui\imgui_impl_win32.h">
      <Filter>02. Design\05. ImGui_Manager\ImGui</Filter>
    </ClInclude>
    <ClInclude Include="..\..\Reference\Headers\Imgui\imgui_internal.h">
      <Filter>02. Design\05. ImGui_Manager\ImGui</Filter>
    </ClInclude>
    <ClInclude Include="..\..\Reference\Headers\Imgui\imstb_rectpack.h">
      <Filter>02. Design\05. ImGui_Manager\ImGui</Filter>
    </ClInclude>
    <ClInclude Include="..\..\Reference\Headers\Imgui\imstb_textedit.h">
      <Filter>02. Design\05. ImGui_Manager\ImGui</Filter>
    </ClInclude>
    <ClInclude Include="..\..\Reference\Headers\Imgui\imstb_truetype.h">
      <Filter>02. Design\05. ImGui_Manager\ImGui</Filter>
    </ClInclude>
    <ClInclude Include="..\..\Reference\Headers\Imgui\imgui_impl_dx11.h">
      <Filter>02. Design\05. ImGui_Manager\ImGui</Filter>
    </ClInclude>
    <ClInclude Include="..\public\CWindow_Default.h">
      <Filter>02. Design\05. ImGui_Manager\ImGui_Window\01. Window_Default</Filter>
    </ClInclude>
    <ClInclude Include="..\public\CImGui_Window.h">
      <Filter>02. Design\05. ImGui_Manager\ImGui_Window\00. base</Filter>
    </ClInclude>
    <ClInclude Include="..\public\CWindow_Select.h">
      <Filter>02. Design\05. ImGui_Manager\ImGui_Window\02. Window_Select</Filter>
    </ClInclude>
    <ClInclude Include="..\public\CSkyBox.h">
      <Filter>03. Instances\02. GameObject\04. SkyBox</Filter>
    </ClInclude>
    <ClInclude Include="..\public\CTerrain.h">
      <Filter>03. Instances\02. GameObject\07. Terrain</Filter>
    </ClInclude>
    <ClInclude Include="..\public\CUnit.h">
      <Filter>03. Instances\02. GameObject\02. Unit</Filter>
    </ClInclude>
    <ClInclude Include="..\public\CState.h">
      <Filter>02. Design\06. State_Manager\States</Filter>
    </ClInclude>
    <ClInclude Include="..\public\CState_Manager.h">
      <Filter>02. Design\06. State_Manager</Filter>
    </ClInclude>
    <ClInclude Include="..\public\CIdle_Player.h">
      <Filter>02. Design\06. State_Manager\States\01. Base\01. Idle\Idle_Player</Filter>
    </ClInclude>
    <ClInclude Include="..\public\CEffects_Factory.h">
      <Filter>02. Design\02. Abstract_Factory\Effects_Factory</Filter>
    </ClInclude>
    <ClInclude Include="..\public\CTrailBuffer.h">
      <Filter>03. Instances\03. Component\03. TrailBuffer</Filter>
    </ClInclude>
    <ClInclude Include="..\Public\CTrailEffect.h">
      <Filter>03. Instances\02. GameObject\08. Effect\01. TrailEffect</Filter>
    </ClInclude>
    <ClInclude Include="..\public\CUnit_Warrior.h">
      <Filter>03. Instances\02. GameObject\02. Unit\Warrior</Filter>
    </ClInclude>
    <ClInclude Include="..\Public\CWindow_Map.h">
      <Filter>02. Design\05. ImGui_Manager\ImGui_Window\03.Window_MapTool</Filter>
    </ClInclude>
  </ItemGroup>
  <ItemGroup>
    <Image Include="Client.ico">
      <Filter>99. Default</Filter>
    </Image>
    <Image Include="small.ico">
      <Filter>99. Default</Filter>
    </Image>
  </ItemGroup>
  <ItemGroup>
    <ClCompile Include="Client.cpp">
      <Filter>99. Default</Filter>
    </ClCompile>
    <ClCompile Include="..\Private\MainApp.cpp">
      <Filter>01. MainApp</Filter>
    </ClCompile>
    <ClCompile Include="..\private\Functor.cpp">
      <Filter>04. Module\00. Functor</Filter>
    </ClCompile>
    <ClCompile Include="..\Private\Loading_Manager.cpp">
      <Filter>02. Design\01. Loading_Manager</Filter>
    </ClCompile>
    <ClCompile Include="stdafx.cpp">
      <Filter>99. Default</Filter>
    </ClCompile>
    <ClCompile Include="..\private\CScript_Freecam.cpp">
      <Filter>03. Instances\03. Component\01. Scriptable\Script_FreeCam</Filter>
    </ClCompile>
    <ClCompile Include="..\private\CCamera_Free.cpp">
      <Filter>03. Instances\02. GameObject\03. Camera\Camera_Free</Filter>
    </ClCompile>
    <ClCompile Include="..\private\CUser.cpp">
      <Filter>02. Design\03. User</Filter>
    </ClCompile>
    <ClCompile Include="..\private\CUtility_Transform.cpp">
      <Filter>04. Module\01. Utility\Utility_Transform</Filter>
    </ClCompile>
    <ClCompile Include="..\private\CLevel_Loading.cpp">
      <Filter>03. Instances\01. Level\00. Level_Loading</Filter>
    </ClCompile>
    <ClCompile Include="..\private\CCamera_Default.cpp">
      <Filter>03. Instances\02. GameObject\03. Camera\Camera_Default</Filter>
    </ClCompile>
    <ClCompile Include="..\Private\ImGui_Manager.cpp">
      <Filter>02. Design\05. ImGui_Manager</Filter>
    </ClCompile>
    <ClCompile Include="..\..\Reference\Headers\Imgui\imgui.cpp">
      <Filter>02. Design\05. ImGui_Manager\ImGui</Filter>
    </ClCompile>
    <ClCompile Include="..\..\Reference\Headers\Imgui\imgui_demo.cpp">
      <Filter>02. Design\05. ImGui_Manager\ImGui</Filter>
    </ClCompile>
    <ClCompile Include="..\..\Reference\Headers\Imgui\imgui_draw.cpp">
      <Filter>02. Design\05. ImGui_Manager\ImGui</Filter>
    </ClCompile>
    <ClCompile Include="..\..\Reference\Headers\Imgui\imgui_impl_win32.cpp">
      <Filter>02. Design\05. ImGui_Manager\ImGui</Filter>
    </ClCompile>
    <ClCompile Include="..\..\Reference\Headers\Imgui\imgui_tables.cpp">
      <Filter>02. Design\05. ImGui_Manager\ImGui</Filter>
    </ClCompile>
    <ClCompile Include="..\..\Reference\Headers\Imgui\imgui_widgets.cpp">
      <Filter>02. Design\05. ImGui_Manager\ImGui</Filter>
    </ClCompile>
    <ClCompile Include="..\..\Reference\Headers\Imgui\imgui_impl_dx11.cpp">
      <Filter>02. Design\05. ImGui_Manager\ImGui</Filter>
    </ClCompile>
    <ClCompile Include="..\Private\CWindow_Default.cpp">
      <Filter>02. Design\05. ImGui_Manager\ImGui_Window\01. Window_Default</Filter>
    </ClCompile>
    <ClCompile Include="..\Private\CLevel_Test.cpp">
      <Filter>03. Instances\01. Level\01. Level_Test</Filter>
    </ClCompile>
    <ClCompile Include="..\Private\CFader.cpp">
      <Filter>03. Instances\03. Component\02. Fader</Filter>
    </ClCompile>
    <ClCompile Include="..\Private\CImGui_Window.cpp">
      <Filter>02. Design\05. ImGui_Manager\ImGui_Window\00. base</Filter>
    </ClCompile>
    <ClCompile Include="..\private\CWindow_Select.cpp">
      <Filter>02. Design\05. ImGui_Manager\ImGui_Window\02. Window_Select</Filter>
    </ClCompile>
    <ClCompile Include="..\Private\Client_Defines.cpp">
      <Filter>00. Header</Filter>
    </ClCompile>
    <ClCompile Include="..\private\CSkyBox.cpp">
      <Filter>03. Instances\02. GameObject\04. SkyBox</Filter>
    </ClCompile>
    <ClCompile Include="..\private\CTerrain.cpp">
      <Filter>03. Instances\02. GameObject\07. Terrain</Filter>
    </ClCompile>
    <ClCompile Include="..\private\CUnit.cpp">
      <Filter>03. Instances\02. GameObject\02. Unit</Filter>
    </ClCompile>
    <ClCompile Include="..\private\CState.cpp">
      <Filter>02. Design\06. State_Manager\States</Filter>
    </ClCompile>
    <ClCompile Include="..\private\CState_Manager.cpp">
      <Filter>02. Design\06. State_Manager</Filter>
    </ClCompile>
    <ClCompile Include="..\private\CIdle_Player.cpp">
      <Filter>02. Design\06. State_Manager\States\01. Base\01. Idle\Idle_Player</Filter>
    </ClCompile>
    <ClCompile Include="..\private\CEffects_Factory.cpp">
      <Filter>02. Design\02. Abstract_Factory\Effects_Factory</Filter>
    </ClCompile>
    <ClCompile Include="..\private\CTrailBuffer.cpp">
      <Filter>03. Instances\03. Component\03. TrailBuffer</Filter>
    </ClCompile>
    <ClCompile Include="..\Private\CTrailEffect.cpp">
      <Filter>03. Instances\02. GameObject\08. Effect\01. TrailEffect</Filter>
    </ClCompile>
    <ClCompile Include="..\private\CUnit_Warrior.cpp">
      <Filter>03. Instances\02. GameObject\02. Unit\Warrior</Filter>
    </ClCompile>
    <ClCompile Include="..\Private\CWindow_Map.cpp">
      <Filter>02. Design\05. ImGui_Manager\ImGui_Window\03.Window_MapTool</Filter>
    </ClCompile>
  </ItemGroup>
  <ItemGroup>
    <ResourceCompile Include="Client.rc">
      <Filter>99. Default</Filter>
    </ResourceCompile>
  </ItemGroup>
  <ItemGroup>
    <FxCompile Include="..\Bin\ShaderFiles\Shader_VtxCubeTex.hlsl">
      <Filter>05. ShaderFiles</Filter>
    </FxCompile>
    <FxCompile Include="..\Bin\ShaderFiles\Shader_VtxNorTex.hlsl">
      <Filter>05. ShaderFiles</Filter>
    </FxCompile>
    <FxCompile Include="..\Bin\ShaderFiles\Shader_VtxTex.hlsl">
      <Filter>05. ShaderFiles</Filter>
    </FxCompile>
    <FxCompile Include="..\Bin\ShaderFiles\Shader_VtxModel.hlsl">
      <Filter>05. ShaderFiles</Filter>
    </FxCompile>
    <FxCompile Include="..\Bin\ShaderFiles\Shader_VtxAnimModel.hlsl">
      <Filter>05. ShaderFiles</Filter>
    </FxCompile>
    <FxCompile Include="..\Bin\ShaderFiles\Shader_VtxInstance.hlsl">
      <Filter>05. ShaderFiles</Filter>
    </FxCompile>
    <FxCompile Include="..\Bin\ShaderFiles\Shader_VtxPointInstance.hlsl">
      <Filter>05. ShaderFiles</Filter>
    </FxCompile>
    <FxCompile Include="..\Bin\ShaderFiles\Shader_VtxRectInstance.hlsl">
      <Filter>05. ShaderFiles</Filter>
    </FxCompile>
    <FxCompile Include="..\Bin\ShaderFiles\Shader_VtxTriInstance.hlsl">
      <Filter>05. ShaderFiles</Filter>
    </FxCompile>
    <FxCompile Include="..\Bin\ShaderFiles\Shader_VtxModelEffects.hlsl">
      <Filter>05. ShaderFiles</Filter>
    </FxCompile>
    <FxCompile Include="..\Bin\ShaderFiles\Shader_VtxDecalCube.hlsl">
      <Filter>05. ShaderFiles</Filter>
    </FxCompile>
  </ItemGroup>
</Project>