<?xml version="1.0" encoding="utf-8"?>
<Project ToolsVersion="4.0" xmlns="http://schemas.microsoft.com/developer/msbuild/2003">
  <ItemGroup>
    <Filter Include="00. Header">
      <UniqueIdentifier>{e0290310-9420-41cb-a8d1-dceef21c4f18}</UniqueIdentifier>
    </Filter>
    <Filter Include="01. MainApp">
      <UniqueIdentifier>{d33d1112-27ac-4863-8d1a-000ce3248c36}</UniqueIdentifier>
    </Filter>
    <Filter Include="99. Default">
      <UniqueIdentifier>{2cca241f-8c9f-450d-b985-eb6cc299ca45}</UniqueIdentifier>
    </Filter>
    <Filter Include="02. Design">
      <UniqueIdentifier>{87686f36-0aff-4697-ac5b-7471e27f27d2}</UniqueIdentifier>
    </Filter>
    <Filter Include="04. Module">
      <UniqueIdentifier>{3a1e0950-c04f-4e31-b459-23f0ecae319d}</UniqueIdentifier>
    </Filter>
    <Filter Include="04. Module\00. Functor">
      <UniqueIdentifier>{38c211c4-91bd-4027-8676-a7f2b2c6986d}</UniqueIdentifier>
    </Filter>
    <Filter Include="04. Module\01. Utility">
      <UniqueIdentifier>{9f9b5dab-e6d0-40d6-ac81-1007a6b63467}</UniqueIdentifier>
    </Filter>
    <Filter Include="03. Instances">
      <UniqueIdentifier>{f9a7ca65-19b2-4707-8baf-8704fbfefdd0}</UniqueIdentifier>
    </Filter>
    <Filter Include="03. Instances\02. GameObject">
      <UniqueIdentifier>{fcc28956-43c8-4d1e-ab30-d5f4892f07d4}</UniqueIdentifier>
    </Filter>
    <Filter Include="03. Instances\01. Level">
      <UniqueIdentifier>{4024bbdb-c656-4a43-bb70-c99eb58d9c76}</UniqueIdentifier>
    </Filter>
    <Filter Include="03. Instances\03. Component">
      <UniqueIdentifier>{97a9d4be-a63d-419b-84aa-7f691c038efe}</UniqueIdentifier>
    </Filter>
    <Filter Include="03. Instances\02. GameObject\01. UI">
      <UniqueIdentifier>{2af18f2f-4a48-4919-8cee-dbbc2b2d1574}</UniqueIdentifier>
    </Filter>
    <Filter Include="03. Instances\02. GameObject\02. Unit">
      <UniqueIdentifier>{5ace4eb0-2e8b-4956-9a87-e813c988962b}</UniqueIdentifier>
    </Filter>
    <Filter Include="02. Design\01. Loading_Manager">
      <UniqueIdentifier>{4f731315-f33d-4843-8fd4-2bd76f8c123e}</UniqueIdentifier>
    </Filter>
    <Filter Include="02. Design\02. Abstract_Factory">
      <UniqueIdentifier>{91a7f978-fd46-42d9-be06-33f6f15a84c8}</UniqueIdentifier>
    </Filter>
    <Filter Include="05. ShaderFiles">
      <UniqueIdentifier>{7e4a1fbd-7abb-4df9-8f71-7a882dc91bcf}</UniqueIdentifier>
    </Filter>
    <Filter Include="03. Instances\03. Component\01. Scriptable">
      <UniqueIdentifier>{de33774c-a19d-4592-aa2d-d3f122a51d8d}</UniqueIdentifier>
    </Filter>
    <Filter Include="03. Instances\03. Component\01. Scriptable\Script_FreeCam">
      <UniqueIdentifier>{bdb3f120-a30f-47b6-b6fa-8f85abad82f2}</UniqueIdentifier>
    </Filter>
    <Filter Include="03. Instances\02. GameObject\03. Camera">
      <UniqueIdentifier>{a7c876e7-acb8-4078-985c-9d806694ba93}</UniqueIdentifier>
    </Filter>
    <Filter Include="03. Instances\02. GameObject\03. Camera\Camera_Free">
      <UniqueIdentifier>{3a78cade-5ede-4357-b853-72beb4c76d23}</UniqueIdentifier>
    </Filter>
    <Filter Include="04. Module\01. Utility\Utility_Transform">
      <UniqueIdentifier>{797fc741-5103-4b2f-82be-954a377f6d15}</UniqueIdentifier>
    </Filter>
    <Filter Include="03. Instances\01. Level\00. Level_Loading">
      <UniqueIdentifier>{01e49f4a-6746-4eab-bb07-8420e38cdb08}</UniqueIdentifier>
    </Filter>
    <Filter Include="03. Instances\02. GameObject\03. Camera\Camera_Default">
      <UniqueIdentifier>{cca51b9b-4651-470b-9cb5-6322f05da2e4}</UniqueIdentifier>
    </Filter>
    <Filter Include="02. Design\05. ImGui_Manager">
      <UniqueIdentifier>{29f03db1-0e78-4cc0-ae04-d51f360b2db0}</UniqueIdentifier>
    </Filter>
    <Filter Include="02. Design\05. ImGui_Manager\ImGui">
      <UniqueIdentifier>{72ea879c-c2bf-4e9f-a8f1-f866aa013f4d}</UniqueIdentifier>
    </Filter>
    <Filter Include="02. Design\05. ImGui_Manager\ImGui_Window">
      <UniqueIdentifier>{c93b7f01-98f6-4c3d-ba3c-62411939ed83}</UniqueIdentifier>
    </Filter>
    <Filter Include="02. Design\05. ImGui_Manager\ImGui_Window\01. Window_Default">
      <UniqueIdentifier>{6a6a4de7-3c95-4414-bf2e-3e875da97250}</UniqueIdentifier>
    </Filter>
    <Filter Include="02. Design\05. ImGui_Manager\ImGui_Window\00. base">
      <UniqueIdentifier>{619deb11-b6fb-45ca-bf3d-8884254c2f9a}</UniqueIdentifier>
    </Filter>
    <Filter Include="02. Design\05. ImGui_Manager\ImGui_Window\02. Window_Select">
      <UniqueIdentifier>{ce510bcd-be11-4df7-9ffe-fb24c9f65018}</UniqueIdentifier>
    </Filter>
    <Filter Include="03. Instances\02. GameObject\01. UI\00. Base">
      <UniqueIdentifier>{fd6488fc-6d17-4d39-985b-4cc0c04d6679}</UniqueIdentifier>
    </Filter>
    <Filter Include="02. Design\03. User">
      <UniqueIdentifier>{f750e642-8359-40d2-97e5-52a68afcc440}</UniqueIdentifier>
    </Filter>
    <Filter Include="03. Instances\02. GameObject\04. SkyBox">
      <UniqueIdentifier>{e44984c4-ff41-4acd-bb30-f34b71e76516}</UniqueIdentifier>
    </Filter>
    <Filter Include="03. Instances\02. GameObject\05. Decoration">
      <UniqueIdentifier>{763de49c-7246-49ef-91f9-ae6ba14443e3}</UniqueIdentifier>
    </Filter>
    <Filter Include="03. Instances\02. GameObject\06. Map">
      <UniqueIdentifier>{f265b4ab-8149-4659-a048-46f691b0caf3}</UniqueIdentifier>
    </Filter>
    <Filter Include="03. Instances\02. GameObject\07. Terrain">
      <UniqueIdentifier>{7f6b8132-3a08-4709-a053-5fa44a00fd19}</UniqueIdentifier>
    </Filter>
    <Filter Include="02. Design\06. State_Manager">
      <UniqueIdentifier>{38d41e3d-6060-431b-a68c-f9ef961b2c94}</UniqueIdentifier>
    </Filter>
    <Filter Include="02. Design\06. State_Manager\States">
      <UniqueIdentifier>{5abfb749-92c2-4174-8c66-26c7adeb52a5}</UniqueIdentifier>
    </Filter>
    <Filter Include="03. Instances\02. GameObject\08. Effect">
      <UniqueIdentifier>{394425bb-c3e9-44b4-a0b1-6780ecfb8107}</UniqueIdentifier>
    </Filter>
    <Filter Include="02. Design\02. Abstract_Factory\Effects_Factory">
      <UniqueIdentifier>{436171af-21e9-47fa-a99b-dda41cc50f62}</UniqueIdentifier>
    </Filter>
    <Filter Include="03. Instances\01. Level\01. Level_Test">
      <UniqueIdentifier>{74da3066-0c94-411f-9ab2-a8fa523e4cf1}</UniqueIdentifier>
    </Filter>
    <Filter Include="03. Instances\03. Component\02. Fader">
      <UniqueIdentifier>{e3a093a7-6adb-430e-8b7c-0c0af79af8b6}</UniqueIdentifier>
    </Filter>
    <Filter Include="03. Instances\03. Component\03. TrailBuffer">
      <UniqueIdentifier>{6f53b573-925a-4eac-ae6c-0f9507bf0b58}</UniqueIdentifier>
    </Filter>
    <Filter Include="03. Instances\02. GameObject\08. Effect\01. TrailEffect">
      <UniqueIdentifier>{2c1c6df1-abd8-4c61-88d2-0c9d2c52c299}</UniqueIdentifier>
    </Filter>
    <Filter Include="03. Instances\02. GameObject\02. Unit\Warrior">
      <UniqueIdentifier>{abd8fd76-6aa3-4e98-a8ba-8bba737a652d}</UniqueIdentifier>
    </Filter>
    <Filter Include="03. Instances\02. GameObject\01. UI\01.UI_Component">
      <UniqueIdentifier>{89cfec7a-e14b-4cdf-82c0-eeab976eb3cf}</UniqueIdentifier>
    </Filter>
    <Filter Include="03. Instances\02. GameObject\01. UI\02.UI_Object">
      <UniqueIdentifier>{c5067414-7568-4150-bbe4-b1cf625ee711}</UniqueIdentifier>
    </Filter>
    <Filter Include="03. Instances\01. Level\02.Level_Logo">
      <UniqueIdentifier>{8d56d1ae-6203-49bf-8e2b-b4dfe22c1f78}</UniqueIdentifier>
    </Filter>
    <Filter Include="03. Instances\02. GameObject\01. UI\02.UI_Object\01.Loading">
      <UniqueIdentifier>{2bd10a4d-ad71-4463-9c19-af55646d4b8f}</UniqueIdentifier>
    </Filter>
    <Filter Include="03. Instances\02. GameObject\01. UI\02.UI_Object\01.Loading\BG">
      <UniqueIdentifier>{18f43bf2-a938-4b4d-8911-0b877f340bff}</UniqueIdentifier>
    </Filter>
    <Filter Include="03. Instances\02. GameObject\01. UI\02.UI_Object\01.Loading\Icon">
      <UniqueIdentifier>{08a2ffa7-5a48-4af9-8e51-2be888a8669a}</UniqueIdentifier>
    </Filter>
    <Filter Include="03. Instances\02. GameObject\01. UI\02.UI_Object\02.Lobby">
      <UniqueIdentifier>{3971a91c-b0f4-4a24-961f-1e81ced819bf}</UniqueIdentifier>
    </Filter>
    <Filter Include="03. Instances\02. GameObject\01. UI\02.UI_Object\99.Default">
      <UniqueIdentifier>{eae3d0de-0e2b-4293-a4a1-10a5c49e90b9}</UniqueIdentifier>
    </Filter>
    <Filter Include="03. Instances\02. GameObject\01. UI\02.UI_Object\00.Logo">
      <UniqueIdentifier>{e2e62525-c7a1-40f2-a5d1-92444378f3cc}</UniqueIdentifier>
    </Filter>
    <Filter Include="03. Instances\02. GameObject\01. UI\02.UI_Object\99.Default\Black">
      <UniqueIdentifier>{ce60bc22-043f-42d6-822d-36717ae53d82}</UniqueIdentifier>
    </Filter>
    <Filter Include="03. Instances\01. Level\03.Level_Main">
      <UniqueIdentifier>{fd28c482-61c9-4553-9fba-4b645532e423}</UniqueIdentifier>
    </Filter>
    <Filter Include="03. Instances\02. GameObject\06. Map\Structure">
      <UniqueIdentifier>{fc549796-059c-4e5e-b47d-221c1aea9508}</UniqueIdentifier>
    </Filter>
    <Filter Include="03. Instances\02. GameObject\08. Effect\00. TestEffect">
      <UniqueIdentifier>{e1d3c056-0ef4-469d-8da2-b08bc529b452}</UniqueIdentifier>
    </Filter>
    <Filter Include="03. Instances\02. GameObject\02. Unit\Spearman">
      <UniqueIdentifier>{587217d8-7c7c-428a-90b4-4e365c31490e}</UniqueIdentifier>
    </Filter>
    <Filter Include="02. Design\05. ImGui_Manager\ImGui_Window\04. Window_Effect">
      <UniqueIdentifier>{e5b6a7f5-5ba7-474b-8276-ed8a4383f686}</UniqueIdentifier>
    </Filter>
    <Filter Include="03. Instances\02. GameObject\08. Effect\00. Default_Effect">
      <UniqueIdentifier>{1a8f52dc-1865-4115-8ec9-5747a3346a35}</UniqueIdentifier>
    </Filter>
    <Filter Include="03. Instances\02. GameObject\03. Camera\Camera_Follow">
      <UniqueIdentifier>{760c678a-a9eb-4217-bf2e-bfdcfba89849}</UniqueIdentifier>
    </Filter>
    <Filter Include="03. Instances\02. GameObject\08. Effect\02. InstancEffect">
      <UniqueIdentifier>{f01bc36a-524c-4edf-b843-dc846112584b}</UniqueIdentifier>
    </Filter>
    <Filter Include="03. Instances\02. GameObject\08. Effect\03. Particle">
      <UniqueIdentifier>{77b80bfe-439f-437d-b45a-7ce59fb8e33e}</UniqueIdentifier>
    </Filter>
    <Filter Include="02. Design\05. ImGui_Manager\ImGui_Window\05. Window_UI">
      <UniqueIdentifier>{b7a0241c-0411-4166-b814-0f62d1377255}</UniqueIdentifier>
    </Filter>
    <Filter Include="02. Design\05. ImGui_Manager\ImGui_Window\03. Window_MapTool">
      <UniqueIdentifier>{bf927561-f572-4c65-946d-6c75c148b802}</UniqueIdentifier>
    </Filter>
    <Filter Include="03. Instances\02. GameObject\08. Effect\04. Sword_Effect">
      <UniqueIdentifier>{e2bc60ec-aebe-463d-b842-1b125c554e21}</UniqueIdentifier>
    </Filter>
    <Filter Include="03. Instances\03. Component\04. ColorController">
      <UniqueIdentifier>{52202c2e-e784-4acd-978e-0b515adaf11d}</UniqueIdentifier>
    </Filter>
    <Filter Include="03. Instances\02. GameObject\01. UI\01.UI_Component\Button">
      <UniqueIdentifier>{05bd9d01-1766-466a-ae07-d75941b0ba76}</UniqueIdentifier>
    </Filter>
    <Filter Include="03. Instances\02. GameObject\01. UI\01.UI_Component\Text">
      <UniqueIdentifier>{38fe1128-ebee-4fb0-a7f0-13d768ed14b9}</UniqueIdentifier>
    </Filter>
    <Filter Include="03. Instances\02. GameObject\01. UI\02.UI_Object\98.Cursor">
      <UniqueIdentifier>{423fdc2c-7038-4a91-92eb-1df1541bf3b5}</UniqueIdentifier>
    </Filter>
    <Filter Include="02. Design\04. Game_Manager">
      <UniqueIdentifier>{82df25a1-5ffa-472c-a30b-7edc0addc4aa}</UniqueIdentifier>
    </Filter>
    <Filter Include="02. Design\04. Game_Manager\JJ">
      <UniqueIdentifier>{b9aadbf8-1156-4bce-b7ef-116b6e52ecab}</UniqueIdentifier>
    </Filter>
    <Filter Include="03. Instances\02. GameObject\01. UI\03.Wrapper">
      <UniqueIdentifier>{df70e0fd-717d-4898-9003-9ee5dff3f0a1}</UniqueIdentifier>
    </Filter>
    <Filter Include="03. Instances\02. GameObject\01. UI\04.Play">
      <UniqueIdentifier>{dd6f1321-fc66-4e02-b5b2-eb90124295ce}</UniqueIdentifier>
    </Filter>
    <Filter Include="03. Instances\02. GameObject\01. UI\04.Play\03.HUD">
      <UniqueIdentifier>{cf100bac-50b2-400a-83a4-b47fbfbf0520}</UniqueIdentifier>
    </Filter>
    <Filter Include="03. Instances\02. GameObject\01. UI\04.Play\03.HUD\HeroGauge">
      <UniqueIdentifier>{b21d8887-990c-4132-9f06-0c866703d66f}</UniqueIdentifier>
    </Filter>
    <Filter Include="03. Instances\02. GameObject\01. UI\04.Play\03.HUD\CrossHair">
      <UniqueIdentifier>{160dc2da-946b-47e6-91d3-f0957a6ce8ab}</UniqueIdentifier>
    </Filter>
    <Filter Include="03. Instances\02. GameObject\01. UI\04.Play\03.HUD\Hp">
      <UniqueIdentifier>{7d943caf-c5b6-40db-ac10-fc78b426c290}</UniqueIdentifier>
    </Filter>
    <Filter Include="03. Instances\02. GameObject\01. UI\04.Play\03.HUD\Portrait">
      <UniqueIdentifier>{e04cf9a6-f562-4abd-b27c-c1d1b034a13c}</UniqueIdentifier>
    </Filter>
    <Filter Include="02. Design\05. ImGui_Manager\ImGui_Window\06. Window_PhysX">
      <UniqueIdentifier>{5d2dd80a-bbe4-470b-b7e3-bceb53af6041}</UniqueIdentifier>
    </Filter>
    <Filter Include="02. Design\06. State_Manager\States\03. Attack">
      <UniqueIdentifier>{7c056dd3-2296-45f2-8b4d-aa196d54d8dc}</UniqueIdentifier>
    </Filter>
    <Filter Include="02. Design\06. State_Manager\States\04. Hit">
      <UniqueIdentifier>{fb93562e-eee0-4b30-93a4-55510fb9f293}</UniqueIdentifier>
    </Filter>
    <Filter Include="02. Design\06. State_Manager\States\02. Base_R">
      <UniqueIdentifier>{8c89f331-8b61-47b8-82ad-15be666e2fa9}</UniqueIdentifier>
    </Filter>
    <Filter Include="02. Design\06. State_Manager\States\02. Base_R\01. Warrior">
      <UniqueIdentifier>{25b1a2f7-bdee-43ea-8727-de518f548c23}</UniqueIdentifier>
    </Filter>
    <Filter Include="02. Design\06. State_Manager\States\02. Base_R\01. Warrior\01. Player">
      <UniqueIdentifier>{fef245a5-d921-4c61-8396-7ddaa491645f}</UniqueIdentifier>
    </Filter>
    <Filter Include="02. Design\06. State_Manager\States\02. Base_R\01. Warrior\02. AI">
      <UniqueIdentifier>{597c582c-91e7-449b-9aec-7ca38c5665e0}</UniqueIdentifier>
    </Filter>
    <Filter Include="02. Design\06. State_Manager\States\02. Base_R\01. Warrior\01. Player\04. Slide">
      <UniqueIdentifier>{1770798e-4a79-442f-b9a6-e13a524060e6}</UniqueIdentifier>
    </Filter>
    <Filter Include="02. Design\06. State_Manager\States\05. ETC">
      <UniqueIdentifier>{5b3bed68-3670-47f5-89cc-9b1f6b1b6881}</UniqueIdentifier>
    </Filter>
    <Filter Include="02. Design\06. State_Manager\States\05. ETC\01. Warrior">
      <UniqueIdentifier>{896026d8-2b86-4012-bc46-166741bd3b4e}</UniqueIdentifier>
    </Filter>
    <Filter Include="02. Design\06. State_Manager\States\05. ETC\01. Warrior\01. Player">
      <UniqueIdentifier>{3eb15cd5-3977-4a09-ac0d-5aa7b8180c0d}</UniqueIdentifier>
    </Filter>
    <Filter Include="02. Design\06. State_Manager\States\05. ETC\01. Warrior\01. Player\06. Interaction">
      <UniqueIdentifier>{3be55e5a-5346-42c4-be86-d7a66efcd1e7}</UniqueIdentifier>
    </Filter>
    <Filter Include="02. Design\06. State_Manager\States\05. ETC\01. Warrior\02. AI">
      <UniqueIdentifier>{247fc986-b9fe-4aa4-809b-d78a254ef261}</UniqueIdentifier>
    </Filter>
    <Filter Include="02. Design\06. State_Manager\States\04. Hit\01. Warrior">
      <UniqueIdentifier>{fa28dc1f-dd63-47f0-9f32-cb0c201ffa9c}</UniqueIdentifier>
    </Filter>
    <Filter Include="02. Design\06. State_Manager\States\04. Hit\01. Warrior\01. Player">
      <UniqueIdentifier>{c7d2342a-3572-4d7d-861d-e64ec9682307}</UniqueIdentifier>
    </Filter>
    <Filter Include="02. Design\06. State_Manager\States\04. Hit\01. Warrior\02. AI">
      <UniqueIdentifier>{4bb077ce-5819-4f3f-a489-b3b4dc259354}</UniqueIdentifier>
    </Filter>
    <Filter Include="02. Design\06. State_Manager\States\03. Attack\01. Warrior">
      <UniqueIdentifier>{40a31fed-ae9d-4fae-ae06-9119e5897511}</UniqueIdentifier>
    </Filter>
    <Filter Include="02. Design\06. State_Manager\States\03. Attack\01. Warrior\01. Player">
      <UniqueIdentifier>{ed3b9f12-42f4-48ad-acc2-eb46b3f6c774}</UniqueIdentifier>
    </Filter>
    <Filter Include="02. Design\06. State_Manager\States\03. Attack\01. Warrior\02. AI">
      <UniqueIdentifier>{b219b096-f9f6-485a-a455-eaf86c249928}</UniqueIdentifier>
    </Filter>
    <Filter Include="02. Design\06. State_Manager\States\05. ETC\01. Warrior\01. Player\06. Interaction\02. POTG">
      <UniqueIdentifier>{4691d691-def6-40ee-94b5-2db70292735b}</UniqueIdentifier>
    </Filter>
    <Filter Include="02. Design\06. State_Manager\States\05. ETC\01. Warrior\01. Player\06. Interaction\01. Emotion">
      <UniqueIdentifier>{758f2c01-2af0-4434-87fa-dbb3df85c054}</UniqueIdentifier>
    </Filter>
    <Filter Include="02. Design\06. State_Manager\States\02. Base_R\01. Warrior\01. Player\03. Dominate">
      <UniqueIdentifier>{642085e6-07e2-4589-8e4b-14e793566133}</UniqueIdentifier>
    </Filter>
    <Filter Include="03. Instances\02. GameObject\09. Debug">
      <UniqueIdentifier>{422b2b63-31f8-4cb6-a18b-f640eae27b24}</UniqueIdentifier>
    </Filter>
    <Filter Include="03. Instances\02. GameObject\01. UI\04.Play\03.HUD\BloodOverlay">
      <UniqueIdentifier>{1fc27a28-399a-464b-8f29-f80d90014dcf}</UniqueIdentifier>
    </Filter>
    <Filter Include="03. Instances\02. GameObject\01. UI\04.Play\03.HUD\Skill">
      <UniqueIdentifier>{03024782-fdd1-4e06-84d9-dba56c8d4937}</UniqueIdentifier>
    </Filter>
    <Filter Include="02. Design\06. State_Manager\States\01. Warrior">
      <UniqueIdentifier>{b38ed988-7cb2-4c8b-85fd-951d70d11eca}</UniqueIdentifier>
    </Filter>
    <Filter Include="02. Design\06. State_Manager\States\01. Warrior\02. AI">
      <UniqueIdentifier>{823dec42-dfff-4be0-81b0-cc8f31266605}</UniqueIdentifier>
    </Filter>
    <Filter Include="02. Design\06. State_Manager\States\01. Warrior\01. Player">
      <UniqueIdentifier>{e738b401-bf01-47de-ad82-6f319b9b4824}</UniqueIdentifier>
    </Filter>
    <Filter Include="02. Design\06. State_Manager\States\01. Warrior\01. Player\01. Idle">
      <UniqueIdentifier>{55da9af3-4a32-4e5f-8d7e-d33016b948e4}</UniqueIdentifier>
    </Filter>
    <Filter Include="02. Design\06. State_Manager\States\01. Warrior\01. Player\01. Idle\01. Right">
      <UniqueIdentifier>{452f8399-99da-4e84-a138-968dff75ad5c}</UniqueIdentifier>
    </Filter>
    <Filter Include="02. Design\06. State_Manager\States\01. Warrior\01. Player\01. Idle\02. Left">
      <UniqueIdentifier>{ecacf648-1230-410e-b07a-102c9b08b1b1}</UniqueIdentifier>
    </Filter>
    <Filter Include="02. Design\06. State_Manager\States\01. Warrior\01. Player\01. Idle\03. SwitchRL">
      <UniqueIdentifier>{ee79bde1-c9e4-42cb-b27e-2c24a98457fc}</UniqueIdentifier>
    </Filter>
    <Filter Include="02. Design\06. State_Manager\States\01. Warrior\01. Player\01. Idle\04. SwitchLR">
      <UniqueIdentifier>{b98b2249-7aa9-4861-8ada-1da35438052a}</UniqueIdentifier>
    </Filter>
    <Filter Include="02. Design\06. State_Manager\States\01. Warrior\01. Player\02. Walk">
      <UniqueIdentifier>{cb832d74-dbab-4e98-8fee-52fb44a03b60}</UniqueIdentifier>
    </Filter>
    <Filter Include="02. Design\06. State_Manager\States\01. Warrior\01. Player\02. Walk\01. Right">
      <UniqueIdentifier>{702b0bed-ad01-40dc-9f6e-f460ff954df7}</UniqueIdentifier>
    </Filter>
    <Filter Include="02. Design\06. State_Manager\States\01. Warrior\01. Player\02. Walk\02. Left">
      <UniqueIdentifier>{2d4da9a1-5dc9-4654-ba05-1d98293430a4}</UniqueIdentifier>
    </Filter>
    <Filter Include="02. Design\06. State_Manager\States\01. Warrior\01. Player\07. Sprint">
      <UniqueIdentifier>{ef632a3b-dd2a-4901-bb45-eaff462e5a0b}</UniqueIdentifier>
    </Filter>
    <Filter Include="02. Design\06. State_Manager\States\01. Warrior\01. Player\07. Sprint\01. Jump">
      <UniqueIdentifier>{f1042510-3567-467a-baab-ed377d63c535}</UniqueIdentifier>
    </Filter>
    <Filter Include="02. Design\06. State_Manager\States\01. Warrior\01. Player\07. Sprint\01. Jump\01. Begin">
      <UniqueIdentifier>{2f4e47a2-c4ed-41e8-80b5-88b81606e70e}</UniqueIdentifier>
    </Filter>
    <Filter Include="02. Design\06. State_Manager\States\01. Warrior\01. Player\07. Sprint\01. Jump\02. Fall">
      <UniqueIdentifier>{9f7a5e2d-22f1-44d7-9ad0-42960a0a1732}</UniqueIdentifier>
    </Filter>
    <Filter Include="02. Design\06. State_Manager\States\01. Warrior\01. Player\07. Sprint\02. Attack">
      <UniqueIdentifier>{2ccfe2b3-f8c2-431a-8711-5ef8599f09da}</UniqueIdentifier>
    </Filter>
    <Filter Include="02. Design\06. State_Manager\States\01. Warrior\01. Player\07. Sprint\03. Run">
      <UniqueIdentifier>{dab758a2-e559-4b0a-abcd-e7e37a404f92}</UniqueIdentifier>
    </Filter>
    <Filter Include="02. Design\06. State_Manager\States\01. Warrior\01. Player\07. Sprint\03. Run\01. Begin">
      <UniqueIdentifier>{39ebc729-aab6-411b-882d-fbe72a540e05}</UniqueIdentifier>
    </Filter>
    <Filter Include="02. Design\06. State_Manager\States\01. Warrior\01. Player\07. Sprint\03. Run\03. End">
      <UniqueIdentifier>{a2279b57-8a56-467f-9ca2-fbe2584d1d9c}</UniqueIdentifier>
    </Filter>
    <Filter Include="02. Design\06. State_Manager\States\01. Warrior\01. Player\07. Sprint\03. Run\02. Loop">
      <UniqueIdentifier>{db9cb873-5b72-4402-b9c7-32f87fff85e4}</UniqueIdentifier>
    </Filter>
    <Filter Include="02. Design\06. State_Manager\States\01. Warrior\01. Player\06. Sliding">
      <UniqueIdentifier>{02705b02-3175-478d-9f4a-b473ea5bec51}</UniqueIdentifier>
    </Filter>
    <Filter Include="02. Design\06. State_Manager\States\01. Warrior\01. Player\06. Sliding\01. Begin">
      <UniqueIdentifier>{d51f75bf-5e05-4471-a10e-ffa8c85c8fea}</UniqueIdentifier>
    </Filter>
    <Filter Include="02. Design\06. State_Manager\States\01. Warrior\01. Player\06. Sliding\02. Loop">
      <UniqueIdentifier>{128d8bc2-8978-4057-aa2d-1285f9f7eaa5}</UniqueIdentifier>
    </Filter>
    <Filter Include="02. Design\06. State_Manager\States\01. Warrior\01. Player\06. Sliding\03. End">
      <UniqueIdentifier>{a644d9a9-bca7-4284-9bb4-ea8b08a8bd93}</UniqueIdentifier>
    </Filter>
    <Filter Include="02. Design\06. State_Manager\States\01. Warrior\01. Player\03. Run">
      <UniqueIdentifier>{c051afa2-9df0-4e4c-b4a1-bff093e1935e}</UniqueIdentifier>
    </Filter>
    <Filter Include="02. Design\06. State_Manager\States\01. Warrior\01. Player\03. Run\01. Begin">
      <UniqueIdentifier>{491d11df-ec0c-4709-b91d-99dcee1cc3b1}</UniqueIdentifier>
    </Filter>
    <Filter Include="02. Design\06. State_Manager\States\01. Warrior\01. Player\03. Run\01. Begin\01. Right">
      <UniqueIdentifier>{6e21e3d6-0042-487f-84e1-87021ccb4f0c}</UniqueIdentifier>
    </Filter>
    <Filter Include="02. Design\06. State_Manager\States\01. Warrior\01. Player\03. Run\01. Begin\02. Left">
      <UniqueIdentifier>{46531212-d597-41a4-a12c-ad50e3aa85e5}</UniqueIdentifier>
    </Filter>
    <Filter Include="02. Design\06. State_Manager\States\01. Warrior\01. Player\03. Run\02. Loop">
      <UniqueIdentifier>{07f9acb9-cb28-4f27-b1bf-9f46038a454f}</UniqueIdentifier>
    </Filter>
    <Filter Include="02. Design\06. State_Manager\States\01. Warrior\01. Player\03. Run\02. Loop\02. Left">
      <UniqueIdentifier>{96dce53e-d829-4d37-97f6-351d8d312001}</UniqueIdentifier>
    </Filter>
    <Filter Include="02. Design\06. State_Manager\States\01. Warrior\01. Player\03. Run\02. Loop\01. Right">
      <UniqueIdentifier>{847febe7-9620-4176-ab6e-b7ba7adcc136}</UniqueIdentifier>
    </Filter>
    <Filter Include="02. Design\06. State_Manager\States\01. Warrior\01. Player\04. Attack">
      <UniqueIdentifier>{bd17e47c-1a88-4e2d-8cac-7a9d6dac22dc}</UniqueIdentifier>
    </Filter>
    <Filter Include="02. Design\06. State_Manager\States\01. Warrior\01. Player\04. Attack\01. Warrior">
      <UniqueIdentifier>{13311606-46d8-449f-b97f-1d822a16819b}</UniqueIdentifier>
    </Filter>
    <Filter Include="02. Design\06. State_Manager\States\01. Warrior\01. Player\04. Attack\01. Warrior\01. Attack">
      <UniqueIdentifier>{c1e332bd-4ae5-47ec-8648-0b8a26ef86ac}</UniqueIdentifier>
    </Filter>
    <Filter Include="02. Design\06. State_Manager\States\01. Warrior\01. Player\04. Attack\01. Warrior\01. Attack\UpperMiddle">
      <UniqueIdentifier>{daea0553-b79c-406c-9a1e-8fa51bdc6e7d}</UniqueIdentifier>
    </Filter>
    <Filter Include="02. Design\06. State_Manager\States\01. Warrior\01. Player\04. Attack\01. Warrior\01. Attack\UpperMiddle\02. Left">
      <UniqueIdentifier>{a7f1c4d0-8564-44f1-90ca-ef7301f9d562}</UniqueIdentifier>
    </Filter>
    <Filter Include="02. Design\06. State_Manager\States\01. Warrior\01. Player\04. Attack\01. Warrior\01. Attack\UpperMiddle\01. Right">
      <UniqueIdentifier>{df958dc2-3c53-4165-b872-2fd3176b262f}</UniqueIdentifier>
    </Filter>
    <Filter Include="02. Design\06. State_Manager\States\01. Warrior\01. Player\04. Attack\01. Warrior\01. Attack\Sting">
      <UniqueIdentifier>{23852b3a-1f18-45ec-85d4-b113646ce090}</UniqueIdentifier>
    </Filter>
    <Filter Include="02. Design\06. State_Manager\States\01. Warrior\01. Player\04. Attack\01. Warrior\01. Attack\Sting\01. Left">
      <UniqueIdentifier>{639a4458-ea38-4018-bcae-aa445147bc3d}</UniqueIdentifier>
    </Filter>
    <Filter Include="02. Design\06. State_Manager\States\01. Warrior\01. Player\04. Attack\01. Warrior\01. Attack\Sting\02. Right">
      <UniqueIdentifier>{7722de57-fa76-4051-b566-35e96cdfedee}</UniqueIdentifier>
    </Filter>
    <Filter Include="02. Design\06. State_Manager\States\01. Warrior\01. Player\04. Attack\01. Warrior\01. Attack\TakeDown">
      <UniqueIdentifier>{3901dab0-719c-4605-9527-e0df7a142c71}</UniqueIdentifier>
    </Filter>
    <Filter Include="02. Design\06. State_Manager\States\01. Warrior\01. Player\04. Attack\01. Warrior\Skill">
      <UniqueIdentifier>{1d582826-447f-4f3a-8dbe-742450e475c3}</UniqueIdentifier>
    </Filter>
    <Filter Include="02. Design\06. State_Manager\States\01. Warrior\01. Player\04. Attack\01. Warrior\Skill\02. Oxen">
      <UniqueIdentifier>{0d976fff-ff17-4f30-ae20-b1f36815e446}</UniqueIdentifier>
    </Filter>
    <Filter Include="02. Design\06. State_Manager\States\01. Warrior\01. Player\04. Attack\01. Warrior\Skill\02. Oxen\Begin">
      <UniqueIdentifier>{0c5716cf-dd43-40cb-9729-9f946ca42dbf}</UniqueIdentifier>
    </Filter>
    <Filter Include="02. Design\06. State_Manager\States\01. Warrior\01. Player\04. Attack\01. Warrior\Skill\02. Oxen\Loop">
      <UniqueIdentifier>{7daa8700-cddf-4ece-b27f-797af610b4ba}</UniqueIdentifier>
    </Filter>
    <Filter Include="02. Design\06. State_Manager\States\01. Warrior\01. Player\04. Attack\01. Warrior\Skill\02. Oxen\Loop\01. Loop">
      <UniqueIdentifier>{d76644c5-e505-4357-8ea7-8d0222cf1611}</UniqueIdentifier>
    </Filter>
    <Filter Include="02. Design\06. State_Manager\States\01. Warrior\01. Player\04. Attack\01. Warrior\Skill\02. Oxen\Loop\02. Attack">
      <UniqueIdentifier>{8f49c0c7-5b60-4039-835e-90cd6bb8786e}</UniqueIdentifier>
    </Filter>
    <Filter Include="02. Design\06. State_Manager\States\01. Warrior\01. Player\04. Attack\01. Warrior\Skill\02. Oxen\End">
      <UniqueIdentifier>{8a481e60-32cd-44b1-b74e-65749b722523}</UniqueIdentifier>
    </Filter>
    <Filter Include="02. Design\06. State_Manager\States\01. Warrior\01. Player\04. Attack\01. Warrior\Skill\01. GuardBreak">
      <UniqueIdentifier>{e05f6615-479c-42bb-a505-9141ba740a68}</UniqueIdentifier>
    </Filter>
    <Filter Include="02. Design\06. State_Manager\States\01. Warrior\01. Player\04. Attack\02. Left">
      <UniqueIdentifier>{155f8fa5-9e00-4402-97a9-af70cf6eedfd}</UniqueIdentifier>
    </Filter>
    <Filter Include="02. Design\06. State_Manager\States\01. Warrior\01. Player\05. Jump">
      <UniqueIdentifier>{6b0ca867-5898-4a63-923e-4147348c86a5}</UniqueIdentifier>
    </Filter>
    <Filter Include="02. Design\06. State_Manager\States\01. Warrior\01. Player\05. Jump\01. Begin">
      <UniqueIdentifier>{f8f5d25d-53cd-4259-9926-52d45e2213fc}</UniqueIdentifier>
    </Filter>
    <Filter Include="02. Design\06. State_Manager\States\01. Warrior\01. Player\05. Jump\01. Begin\02. Left">
      <UniqueIdentifier>{d3441335-ebb9-48f8-89eb-9a96933b8728}</UniqueIdentifier>
    </Filter>
    <Filter Include="03. Instances\02. GameObject\07. Terrain\Drawable_Terrain">
      <UniqueIdentifier>{0eb99d93-a6d8-4287-aab9-aacedc234d92}</UniqueIdentifier>
    </Filter>
    <Filter Include="02. Design\06. State_Manager\States\01. Warrior\01. Player\05. Jump\01. Begin\01. Right">
      <UniqueIdentifier>{9b75e394-d97a-44af-965d-c50b9102476f}</UniqueIdentifier>
    </Filter>
    <Filter Include="02. Design\06. State_Manager\States\01. Warrior\01. Player\05. Jump\02. Fall">
      <UniqueIdentifier>{1d54e167-5738-42f4-a7a2-4f634d3f39c5}</UniqueIdentifier>
    </Filter>
    <Filter Include="02. Design\06. State_Manager\States\01. Warrior\01. Player\05. Jump\02. Fall\01. Right">
      <UniqueIdentifier>{9ca516cc-bec6-476a-b5ab-014913afdded}</UniqueIdentifier>
    </Filter>
    <Filter Include="02. Design\06. State_Manager\States\01. Warrior\01. Player\05. Jump\02. Fall\02. Left">
      <UniqueIdentifier>{7c53a627-2c3d-41c9-ab47-b78247199b75}</UniqueIdentifier>
    </Filter>
    <Filter Include="02. Design\06. State_Manager\States\01. Warrior\01. Player\05. Jump\03. Land">
      <UniqueIdentifier>{e206d0e0-c36b-4f34-ba1a-fbe544579d62}</UniqueIdentifier>
    </Filter>
    <Filter Include="02. Design\06. State_Manager\States\01. Warrior\01. Player\05. Jump\03. Land\01. Right">
      <UniqueIdentifier>{f5f294e6-7406-4450-a9db-fb9b10d9aaff}</UniqueIdentifier>
    </Filter>
    <Filter Include="02. Design\06. State_Manager\States\01. Warrior\01. Player\05. Jump\03. Land\02. Left">
      <UniqueIdentifier>{a58a2fd9-4e8c-4b5a-92c3-62ee752b2a27}</UniqueIdentifier>
    </Filter>
    <Filter Include="02. Design\06. State_Manager\States\01. Warrior\01. Player\07. Sprint\02. Attack\01. Begin">
      <UniqueIdentifier>{b9552d00-40b5-4824-9d7e-c5330a0821db}</UniqueIdentifier>
    </Filter>
    <Filter Include="02. Design\06. State_Manager\States\01. Warrior\01. Player\07. Sprint\02. Attack\02. RealAttack">
      <UniqueIdentifier>{7ba8b06b-80f5-4765-961d-4afffec627f1}</UniqueIdentifier>
    </Filter>
    <Filter Include="02. Design\06. State_Manager\States\01. Warrior\01. Player\08. Guard">
      <UniqueIdentifier>{8bf8ee75-3870-4568-93c0-ec2f7515e055}</UniqueIdentifier>
    </Filter>
    <Filter Include="02. Design\06. State_Manager\States\01. Warrior\01. Player\08. Guard\01. Begin">
      <UniqueIdentifier>{4e138925-ad47-445f-b621-9be371b05830}</UniqueIdentifier>
    </Filter>
    <Filter Include="02. Design\06. State_Manager\States\01. Warrior\01. Player\08. Guard\02. Loop">
      <UniqueIdentifier>{6729d045-dc80-46b5-8f3e-a5cb79f20ec1}</UniqueIdentifier>
    </Filter>
    <Filter Include="02. Design\06. State_Manager\States\01. Warrior\01. Player\08. Guard\03. End">
      <UniqueIdentifier>{83609bd3-b366-4cab-88c7-b41a706c1214}</UniqueIdentifier>
    </Filter>
    <Filter Include="02. Design\06. State_Manager\States\01. Warrior\01. Player\08. Guard\04. Cancel">
      <UniqueIdentifier>{6475f4c6-02a1-462a-babe-61f3ee54043b}</UniqueIdentifier>
    </Filter>
  </ItemGroup>
  <ItemGroup>
    <ClInclude Include="Client.h">
      <Filter>99. Default</Filter>
    </ClInclude>
    <ClInclude Include="Resource.h">
      <Filter>99. Default</Filter>
    </ClInclude>
    <ClInclude Include="targetver.h">
      <Filter>99. Default</Filter>
    </ClInclude>
    <ClInclude Include="..\Public\Client_Defines.h">
      <Filter>00. Header</Filter>
    </ClInclude>
    <ClInclude Include="..\Public\Client_Enum.h">
      <Filter>00. Header</Filter>
    </ClInclude>
    <ClInclude Include="..\Public\Client_Functor.h">
      <Filter>00. Header</Filter>
    </ClInclude>
    <ClInclude Include="..\Public\MainApp.h">
      <Filter>01. MainApp</Filter>
    </ClInclude>
    <ClInclude Include="stdafx.h">
      <Filter>99. Default</Filter>
    </ClInclude>
    <ClInclude Include="..\Public\Client_Macro.h">
      <Filter>00. Header</Filter>
    </ClInclude>
    <ClInclude Include="..\Public\Client_Struct.h">
      <Filter>00. Header</Filter>
    </ClInclude>
    <ClInclude Include="..\public\Functor.h">
      <Filter>04. Module\00. Functor</Filter>
    </ClInclude>
    <ClInclude Include="..\Public\Loading_Manager.h">
      <Filter>02. Design\01. Loading_Manager</Filter>
    </ClInclude>
    <ClInclude Include="..\public\CScript_Freecam.h">
      <Filter>03. Instances\03. Component\01. Scriptable\Script_FreeCam</Filter>
    </ClInclude>
    <ClInclude Include="..\public\CCamera_Free.h">
      <Filter>03. Instances\02. GameObject\03. Camera\Camera_Free</Filter>
    </ClInclude>
    <ClInclude Include="..\public\CLevel_Test.h">
      <Filter>03. Instances\01. Level\01. Level_Test</Filter>
    </ClInclude>
    <ClInclude Include="..\public\CUser.h">
      <Filter>02. Design\03. User</Filter>
    </ClInclude>
    <ClInclude Include="..\public\CUtility_Transform.h">
      <Filter>04. Module\01. Utility\Utility_Transform</Filter>
    </ClInclude>
    <ClInclude Include="..\public\CLevel_Loading.h">
      <Filter>03. Instances\01. Level\00. Level_Loading</Filter>
    </ClInclude>
    <ClInclude Include="..\public\CFader.h">
      <Filter>03. Instances\03. Component\02. Fader</Filter>
    </ClInclude>
    <ClInclude Include="..\Bin\ShaderFiles\Client_Shader_Defines.hpp">
      <Filter>05. ShaderFiles</Filter>
    </ClInclude>
    <ClInclude Include="..\public\CCamera_Default.h">
      <Filter>03. Instances\02. GameObject\03. Camera\Camera_Default</Filter>
    </ClInclude>
    <ClInclude Include="..\Public\ImGui_Manager.h">
      <Filter>02. Design\05. ImGui_Manager</Filter>
    </ClInclude>
    <ClInclude Include="..\..\Reference\Headers\Imgui\imconfig.h">
      <Filter>02. Design\05. ImGui_Manager\ImGui</Filter>
    </ClInclude>
    <ClInclude Include="..\..\Reference\Headers\Imgui\imgui.h">
      <Filter>02. Design\05. ImGui_Manager\ImGui</Filter>
    </ClInclude>
    <ClInclude Include="..\..\Reference\Headers\Imgui\imgui_impl_win32.h">
      <Filter>02. Design\05. ImGui_Manager\ImGui</Filter>
    </ClInclude>
    <ClInclude Include="..\..\Reference\Headers\Imgui\imgui_internal.h">
      <Filter>02. Design\05. ImGui_Manager\ImGui</Filter>
    </ClInclude>
    <ClInclude Include="..\..\Reference\Headers\Imgui\imstb_rectpack.h">
      <Filter>02. Design\05. ImGui_Manager\ImGui</Filter>
    </ClInclude>
    <ClInclude Include="..\..\Reference\Headers\Imgui\imstb_textedit.h">
      <Filter>02. Design\05. ImGui_Manager\ImGui</Filter>
    </ClInclude>
    <ClInclude Include="..\..\Reference\Headers\Imgui\imstb_truetype.h">
      <Filter>02. Design\05. ImGui_Manager\ImGui</Filter>
    </ClInclude>
    <ClInclude Include="..\..\Reference\Headers\Imgui\imgui_impl_dx11.h">
      <Filter>02. Design\05. ImGui_Manager\ImGui</Filter>
    </ClInclude>
    <ClInclude Include="..\public\CWindow_Default.h">
      <Filter>02. Design\05. ImGui_Manager\ImGui_Window\01. Window_Default</Filter>
    </ClInclude>
    <ClInclude Include="..\public\CImGui_Window.h">
      <Filter>02. Design\05. ImGui_Manager\ImGui_Window\00. base</Filter>
    </ClInclude>
    <ClInclude Include="..\public\CWindow_Select.h">
      <Filter>02. Design\05. ImGui_Manager\ImGui_Window\02. Window_Select</Filter>
    </ClInclude>
    <ClInclude Include="..\public\CSkyBox.h">
      <Filter>03. Instances\02. GameObject\04. SkyBox</Filter>
    </ClInclude>
    <ClInclude Include="..\public\CTerrain.h">
      <Filter>03. Instances\02. GameObject\07. Terrain</Filter>
    </ClInclude>
    <ClInclude Include="..\public\CUnit.h">
      <Filter>03. Instances\02. GameObject\02. Unit</Filter>
    </ClInclude>
    <ClInclude Include="..\public\CState.h">
      <Filter>02. Design\06. State_Manager\States</Filter>
    </ClInclude>
    <ClInclude Include="..\public\CState_Manager.h">
      <Filter>02. Design\06. State_Manager</Filter>
    </ClInclude>
    <ClInclude Include="..\public\CIdle_Player_L.h">
      <Filter>02. Design\06. State_Manager\States\01. Warrior\01. Player\01. Idle\02. Left</Filter>
    </ClInclude>
    <ClInclude Include="..\public\CEffects_Factory.h">
      <Filter>02. Design\02. Abstract_Factory\Effects_Factory</Filter>
    </ClInclude>
    <ClInclude Include="..\public\CTrailBuffer.h">
      <Filter>03. Instances\03. Component\03. TrailBuffer</Filter>
    </ClInclude>
    <ClInclude Include="..\Public\CTrailEffect.h">
      <Filter>03. Instances\02. GameObject\08. Effect\01. TrailEffect</Filter>
    </ClInclude>
    <ClInclude Include="..\public\CUnit_Warrior.h">
      <Filter>03. Instances\02. GameObject\02. Unit\Warrior</Filter>
    </ClInclude>
    <ClInclude Include="..\Public\CWindow_UI.h">
      <Filter>02. Design\05. ImGui_Manager\ImGui_Window\05. Window_UI</Filter>
    </ClInclude>
    <ClInclude Include="..\Public\CUI.h">
      <Filter>03. Instances\02. GameObject\01. UI\00. Base</Filter>
    </ClInclude>
    <ClInclude Include="..\Public\CUI_LobbyBG.h">
      <Filter>03. Instances\02. GameObject\01. UI\02.UI_Object\02.Lobby</Filter>
    </ClInclude>
    <ClInclude Include="..\Public\CUI_LoadingBG.h">
      <Filter>03. Instances\02. GameObject\01. UI\02.UI_Object\01.Loading\BG</Filter>
    </ClInclude>
    <ClInclude Include="..\Public\CUI_LoadingIcon.h">
      <Filter>03. Instances\02. GameObject\01. UI\02.UI_Object\01.Loading\Icon</Filter>
    </ClInclude>
    <ClInclude Include="..\Public\CUI_Object.h">
      <Filter>03. Instances\02. GameObject\01. UI\02.UI_Object\99.Default</Filter>
    </ClInclude>
    <ClInclude Include="..\Public\CLevel_Logo.h">
      <Filter>03. Instances\01. Level\02.Level_Logo</Filter>
    </ClInclude>
    <ClInclude Include="..\Public\CUI_Logo.h">
      <Filter>03. Instances\02. GameObject\01. UI\02.UI_Object\00.Logo</Filter>
    </ClInclude>
    <ClInclude Include="..\Public\CLevel_Main.h">
      <Filter>03. Instances\01. Level\03.Level_Main</Filter>
    </ClInclude>
    <ClInclude Include="..\Public\CUI_Black.h">
      <Filter>03. Instances\02. GameObject\01. UI\02.UI_Object\99.Default\Black</Filter>
    </ClInclude>
    <ClInclude Include="..\Public\CWindow_Map.h">
      <Filter>02. Design\05. ImGui_Manager\ImGui_Window\03. Window_MapTool</Filter>
    </ClInclude>
    <ClInclude Include="..\Public\CStructure.h">
      <Filter>03. Instances\02. GameObject\06. Map\Structure</Filter>
    </ClInclude>
    <ClInclude Include="..\Public\CEffect.h">
      <Filter>03. Instances\02. GameObject\08. Effect</Filter>
    </ClInclude>
    <ClInclude Include="..\Public\CTestEffect.h">
      <Filter>03. Instances\02. GameObject\08. Effect\00. TestEffect</Filter>
    </ClInclude>
    <ClInclude Include="..\Public\CUnit_Spearman.h">
      <Filter>03. Instances\02. GameObject\02. Unit\Spearman</Filter>
    </ClInclude>
    <ClInclude Include="..\public\CWalk_Player.h">
      <Filter>02. Design\06. State_Manager\States\01. Warrior\01. Player\02. Walk</Filter>
    </ClInclude>
    <ClInclude Include="..\public\CWarrior_Attack_01.h">
      <Filter>02. Design\06. State_Manager\States\01. Warrior\01. Player\04. Attack\01. Warrior\01. Attack</Filter>
    </ClInclude>
    <ClInclude Include="..\Public\CWindow_Effect.h">
      <Filter>02. Design\05. ImGui_Manager\ImGui_Window\04. Window_Effect</Filter>
    </ClInclude>
    <ClInclude Include="..\Public\CDefault_Effect.h">
      <Filter>03. Instances\02. GameObject\08. Effect\00. Default_Effect</Filter>
    </ClInclude>
    <ClInclude Include="..\Public\CScript_FollowCam.h">
      <Filter>03. Instances\02. GameObject\03. Camera\Camera_Follow</Filter>
    </ClInclude>
    <ClInclude Include="..\Public\CCamera_Follow.h">
      <Filter>03. Instances\02. GameObject\03. Camera\Camera_Follow</Filter>
    </ClInclude>
    <ClInclude Include="..\Public\CRectEffects.h">
      <Filter>03. Instances\02. GameObject\08. Effect\03. Particle</Filter>
    </ClInclude>
    <ClInclude Include="..\Public\CInstancingEffects.h">
      <Filter>03. Instances\02. GameObject\08. Effect\02. InstancEffect</Filter>
    </ClInclude>
    <ClInclude Include="..\Public\CSword_Effect.h">
      <Filter>03. Instances\02. GameObject\08. Effect\04. Sword_Effect</Filter>
    </ClInclude>
    <ClInclude Include="..\Public\CColorController.h">
      <Filter>03. Instances\03. Component\04. ColorController</Filter>
    </ClInclude>
    <ClInclude Include="..\Public\CUI_Text.h">
      <Filter>03. Instances\02. GameObject\01. UI\01.UI_Component\Text</Filter>
    </ClInclude>
    <ClInclude Include="..\Public\CUI_Component.h">
      <Filter>03. Instances\02. GameObject\01. UI\01.UI_Component</Filter>
    </ClInclude>
    <ClInclude Include="..\Public\CUI_Button.h">
      <Filter>03. Instances\02. GameObject\01. UI\01.UI_Component\Button</Filter>
    </ClInclude>
    <ClInclude Include="..\Public\CUI_Cursor.h">
      <Filter>03. Instances\02. GameObject\01. UI\02.UI_Object\98.Cursor</Filter>
    </ClInclude>
    <ClInclude Include="..\Public\CUI_Wrapper.h">
      <Filter>03. Instances\02. GameObject\01. UI\03.Wrapper</Filter>
    </ClInclude>
    <ClInclude Include="..\Public\CGame_Manager_JJ.h">
      <Filter>02. Design\04. Game_Manager\JJ</Filter>
    </ClInclude>
    <ClInclude Include="..\Public\CSlide_Player.h">
      <Filter>02. Design\06. State_Manager\States\02. Base_R\01. Warrior\01. Player\04. Slide</Filter>
    </ClInclude>
    <ClInclude Include="..\Public\CSprint_Player.h">
      <Filter>02. Design\06. State_Manager\States\01. Warrior\01. Player\07. Sprint</Filter>
    </ClInclude>
    <ClInclude Include="..\Public\CUI_HeroGauge.h">
      <Filter>03. Instances\02. GameObject\01. UI\04.Play\03.HUD\HeroGauge</Filter>
    </ClInclude>
    <ClInclude Include="..\Public\CUI_Crosshair.h">
      <Filter>03. Instances\02. GameObject\01. UI\04.Play\03.HUD\CrossHair</Filter>
    </ClInclude>
    <ClInclude Include="..\Public\CUI_HpBar.h">
      <Filter>03. Instances\02. GameObject\01. UI\04.Play\03.HUD\Hp</Filter>
    </ClInclude>
    <ClInclude Include="..\Public\CUI_Portrait.h">
      <Filter>03. Instances\02. GameObject\01. UI\04.Play\03.HUD\Portrait</Filter>
    </ClInclude>
    <ClInclude Include="..\public\CWindow_PhysX.h">
      <Filter>02. Design\05. ImGui_Manager\ImGui_Window\06. Window_PhysX</Filter>
    </ClInclude>
    <ClInclude Include="..\public\CTestObject.h">
      <Filter>03. Instances\02. GameObject</Filter>
    </ClInclude>
    <ClInclude Include="..\Public\UsefulHeaders.h">
      <Filter>00. Header</Filter>
    </ClInclude>
    <ClInclude Include="..\Public\CIdle_Player_R.h">
      <Filter>02. Design\06. State_Manager\States\01. Warrior\01. Player\01. Idle\01. Right</Filter>
    </ClInclude>
    <ClInclude Include="..\Public\CWalk_Player_R.h">
      <Filter>02. Design\06. State_Manager\States\01. Warrior\01. Player\02. Walk\01. Right</Filter>
    </ClInclude>
    <ClInclude Include="..\Public\CWalk_Player_L.h">
      <Filter>02. Design\06. State_Manager\States\01. Warrior\01. Player\02. Walk\02. Left</Filter>
    </ClInclude>
    <ClInclude Include="..\Public\CWarrior_GuardBreak.h">
      <Filter>02. Design\06. State_Manager\States\01. Warrior\01. Player\04. Attack\01. Warrior\Skill\01. GuardBreak</Filter>
    </ClInclude>
    <ClInclude Include="..\public\CDebugObject.h">
      <Filter>03. Instances\02. GameObject\09. Debug</Filter>
    </ClInclude>
    <ClInclude Include="..\Public\CBloodOverlay.h">
      <Filter>03. Instances\02. GameObject\01. UI\04.Play\03.HUD\BloodOverlay</Filter>
    </ClInclude>
    <ClInclude Include="..\Public\CUI_Skill.h">
      <Filter>03. Instances\02. GameObject\01. UI\04.Play\03.HUD\Skill</Filter>
    </ClInclude>
    <ClInclude Include="..\public\CSwitchRtoL.h">
      <Filter>02. Design\06. State_Manager\States\01. Warrior\01. Player\01. Idle\03. SwitchRL</Filter>
    </ClInclude>
    <ClInclude Include="..\Public\CWarrior_Oxen_Cancel.h">
      <Filter>02. Design\06. State_Manager\States\01. Warrior\01. Player\04. Attack\01. Warrior\Skill\02. Oxen\End</Filter>
    </ClInclude>
    <ClInclude Include="..\Public\CWarrior_Oxen_Begin.h">
      <Filter>02. Design\06. State_Manager\States\01. Warrior\01. Player\04. Attack\01. Warrior\Skill\02. Oxen\Begin</Filter>
    </ClInclude>
    <ClInclude Include="..\Public\CWarrior_Oxen_Loop.h">
      <Filter>02. Design\06. State_Manager\States\01. Warrior\01. Player\04. Attack\01. Warrior\Skill\02. Oxen\Loop\01. Loop</Filter>
    </ClInclude>
    <ClInclude Include="..\Public\CWarrior_Oxen_Loop_Attack.h">
      <Filter>02. Design\06. State_Manager\States\01. Warrior\01. Player\04. Attack\01. Warrior\Skill\02. Oxen\Loop\02. Attack</Filter>
    </ClInclude>
    <ClInclude Include="..\Public\CSwitchLtoR.h">
      <Filter>02. Design\06. State_Manager\States\01. Warrior\01. Player\01. Idle\04. SwitchLR</Filter>
    </ClInclude>
    <ClInclude Include="..\Public\CWarrior_Attack_UpperMiddle_L.h">
      <Filter>02. Design\06. State_Manager\States\01. Warrior\01. Player\04. Attack\01. Warrior\01. Attack\UpperMiddle\02. Left</Filter>
    </ClInclude>
    <ClInclude Include="..\Public\CWarrior_Attack_UpperMiddle_R.h">
      <Filter>02. Design\06. State_Manager\States\01. Warrior\01. Player\04. Attack\01. Warrior\01. Attack\UpperMiddle\01. Right</Filter>
    </ClInclude>
    <ClInclude Include="..\Public\CWarrior_Attack_Sting_R.h">
      <Filter>02. Design\06. State_Manager\States\01. Warrior\01. Player\04. Attack\01. Warrior\01. Attack\Sting\02. Right</Filter>
    </ClInclude>
    <ClInclude Include="..\Public\CWarrior_Attack_Sting_L.h">
      <Filter>02. Design\06. State_Manager\States\01. Warrior\01. Player\04. Attack\01. Warrior\01. Attack\Sting\01. Left</Filter>
    </ClInclude>
    <ClInclude Include="..\Public\CWarrior_Attack_Takedown.h">
      <Filter>02. Design\06. State_Manager\States\01. Warrior\01. Player\04. Attack\01. Warrior\01. Attack\TakeDown</Filter>
    </ClInclude>
    <ClInclude Include="..\Public\CJump_Player.h">
      <Filter>02. Design\06. State_Manager\States\01. Warrior\01. Player\05. Jump\01. Begin</Filter>
    </ClInclude>
    <ClInclude Include="..\Public\CJump_Player_L.h">
      <Filter>02. Design\06. State_Manager\States\01. Warrior\01. Player\05. Jump\01. Begin\02. Left</Filter>
    </ClInclude>
    <ClInclude Include="..\Public\CJump_Player_Fall_L.h">
      <Filter>02. Design\06. State_Manager\States\01. Warrior\01. Player\05. Jump\02. Fall\02. Left</Filter>
    </ClInclude>
    <ClInclude Include="..\Public\CJump_Player_Fall_R.h">
      <Filter>02. Design\06. State_Manager\States\01. Warrior\01. Player\05. Jump\02. Fall\01. Right</Filter>
    </ClInclude>
    <ClInclude Include="..\Public\CJump_Player_R.h">
      <Filter>02. Design\06. State_Manager\States\01. Warrior\01. Player\05. Jump\01. Begin\01. Right</Filter>
    </ClInclude>
    <ClInclude Include="..\Public\CSprint_Begin.h">
      <Filter>02. Design\06. State_Manager\States\01. Warrior\01. Player\07. Sprint\03. Run\01. Begin</Filter>
    </ClInclude>
    <ClInclude Include="..\Public\CSprint_Loop.h">
      <Filter>02. Design\06. State_Manager\States\01. Warrior\01. Player\07. Sprint\03. Run\02. Loop</Filter>
    </ClInclude>
    <ClInclude Include="..\Public\CSprint_End.h">
      <Filter>02. Design\06. State_Manager\States\01. Warrior\01. Player\07. Sprint\03. Run\03. End</Filter>
    </ClInclude>
    <ClInclude Include="..\Public\CRun_Player_Begin_R.h">
      <Filter>02. Design\06. State_Manager\States\01. Warrior\01. Player\03. Run\01. Begin\01. Right</Filter>
    </ClInclude>
    <ClInclude Include="..\Public\CRun_Player_Begin_L.h">
      <Filter>02. Design\06. State_Manager\States\01. Warrior\01. Player\03. Run\01. Begin\02. Left</Filter>
    </ClInclude>
    <ClInclude Include="..\Public\CRun_Player_L.h">
      <Filter>02. Design\06. State_Manager\States\01. Warrior\01. Player\03. Run\02. Loop\02. Left</Filter>
    </ClInclude>
    <ClInclude Include="..\Public\CRun_Player_R.h">
      <Filter>02. Design\06. State_Manager\States\01. Warrior\01. Player\03. Run\02. Loop\01. Right</Filter>
    </ClInclude>
    <ClInclude Include="..\Public\CRun_Player.h">
      <Filter>02. Design\06. State_Manager\States\01. Warrior\01. Player\03. Run\02. Loop</Filter>
    </ClInclude>
    <ClInclude Include="..\Public\CRun_Player_Begin.h">
      <Filter>02. Design\06. State_Manager\States\01. Warrior\01. Player\03. Run\01. Begin</Filter>
    </ClInclude>
    <ClInclude Include="..\Public\CSprint_Jump_Player.h">
      <Filter>02. Design\06. State_Manager\States\01. Warrior\01. Player\07. Sprint\01. Jump\01. Begin</Filter>
    </ClInclude>
    <ClInclude Include="..\Public\CSprint_Jump_Fall_Player.h">
      <Filter>02. Design\06. State_Manager\States\01. Warrior\01. Player\07. Sprint\01. Jump\02. Fall</Filter>
    </ClInclude>
    <ClInclude Include="..\Public\CSlide_Begin_Player.h">
      <Filter>02. Design\06. State_Manager\States\01. Warrior\01. Player\06. Sliding\01. Begin</Filter>
    </ClInclude>
    <ClInclude Include="..\Public\CSlide_Loop_Player.h">
      <Filter>02. Design\06. State_Manager\States\01. Warrior\01. Player\06. Sliding\02. Loop</Filter>
    </ClInclude>
    <ClInclude Include="..\Public\CSlide_End_Player.h">
      <Filter>02. Design\06. State_Manager\States\01. Warrior\01. Player\06. Sliding\03. End</Filter>
    </ClInclude>
    <ClInclude Include="..\Public\CJump_Player_Land_R.h">
      <Filter>02. Design\06. State_Manager\States\01. Warrior\01. Player\05. Jump\03. Land\01. Right</Filter>
    </ClInclude>
    <ClInclude Include="..\Public\CJump_Player_Land_L.h">
      <Filter>02. Design\06. State_Manager\States\01. Warrior\01. Player\05. Jump\03. Land\02. Left</Filter>
    </ClInclude>
    <ClInclude Include="..\Public\CSprintAttack_Player.h">
      <Filter>02. Design\06. State_Manager\States\01. Warrior\01. Player\07. Sprint\02. Attack\02. RealAttack</Filter>
    </ClInclude>
    <ClInclude Include="..\Public\CSprintAttack_Player_Begin.h">
      <Filter>02. Design\06. State_Manager\States\01. Warrior\01. Player\07. Sprint\02. Attack\01. Begin</Filter>
    </ClInclude>
    <ClInclude Include="..\Public\CGuard_Loop_Player.h">
      <Filter>02. Design\06. State_Manager\States\01. Warrior\01. Player\08. Guard\02. Loop</Filter>
    </ClInclude>
    <ClInclude Include="..\Public\CGuard_End_Player.h">
      <Filter>02. Design\06. State_Manager\States\01. Warrior\01. Player\08. Guard\03. End</Filter>
    </ClInclude>
    <ClInclude Include="..\Public\CGuard_Cancel_Player.h">
      <Filter>02. Design\06. State_Manager\States\01. Warrior\01. Player\08. Guard\04. Cancel</Filter>
    </ClInclude>
    <ClInclude Include="..\Public\CGuard_Begin_Player.h">
      <Filter>02. Design\06. State_Manager\States\01. Warrior\01. Player\08. Guard\01. Begin</Filter>
    </ClInclude>
    <ClInclude Include="..\Public\CDrawable_Terrain.h">
      <Filter>03. Instances\02. GameObject\07. Terrain\Drawable_Terrain</Filter>
    </ClInclude>
  </ItemGroup>
  <ItemGroup>
    <Image Include="Client.ico">
      <Filter>99. Default</Filter>
    </Image>
    <Image Include="small.ico">
      <Filter>99. Default</Filter>
    </Image>
  </ItemGroup>
  <ItemGroup>
    <ClCompile Include="Client.cpp">
      <Filter>99. Default</Filter>
    </ClCompile>
    <ClCompile Include="..\Private\MainApp.cpp">
      <Filter>01. MainApp</Filter>
    </ClCompile>
    <ClCompile Include="..\Private\Loading_Manager.cpp">
      <Filter>02. Design\01. Loading_Manager</Filter>
    </ClCompile>
    <ClCompile Include="stdafx.cpp">
      <Filter>99. Default</Filter>
    </ClCompile>
    <ClCompile Include="..\private\CScript_Freecam.cpp">
      <Filter>03. Instances\03. Component\01. Scriptable\Script_FreeCam</Filter>
    </ClCompile>
    <ClCompile Include="..\private\CCamera_Free.cpp">
      <Filter>03. Instances\02. GameObject\03. Camera\Camera_Free</Filter>
    </ClCompile>
    <ClCompile Include="..\private\CUser.cpp">
      <Filter>02. Design\03. User</Filter>
    </ClCompile>
    <ClCompile Include="..\private\CUtility_Transform.cpp">
      <Filter>04. Module\01. Utility\Utility_Transform</Filter>
    </ClCompile>
    <ClCompile Include="..\private\CLevel_Loading.cpp">
      <Filter>03. Instances\01. Level\00. Level_Loading</Filter>
    </ClCompile>
    <ClCompile Include="..\private\CCamera_Default.cpp">
      <Filter>03. Instances\02. GameObject\03. Camera\Camera_Default</Filter>
    </ClCompile>
    <ClCompile Include="..\Private\ImGui_Manager.cpp">
      <Filter>02. Design\05. ImGui_Manager</Filter>
    </ClCompile>
    <ClCompile Include="..\..\Reference\Headers\Imgui\imgui.cpp">
      <Filter>02. Design\05. ImGui_Manager\ImGui</Filter>
    </ClCompile>
    <ClCompile Include="..\..\Reference\Headers\Imgui\imgui_demo.cpp">
      <Filter>02. Design\05. ImGui_Manager\ImGui</Filter>
    </ClCompile>
    <ClCompile Include="..\..\Reference\Headers\Imgui\imgui_draw.cpp">
      <Filter>02. Design\05. ImGui_Manager\ImGui</Filter>
    </ClCompile>
    <ClCompile Include="..\..\Reference\Headers\Imgui\imgui_impl_win32.cpp">
      <Filter>02. Design\05. ImGui_Manager\ImGui</Filter>
    </ClCompile>
    <ClCompile Include="..\..\Reference\Headers\Imgui\imgui_tables.cpp">
      <Filter>02. Design\05. ImGui_Manager\ImGui</Filter>
    </ClCompile>
    <ClCompile Include="..\..\Reference\Headers\Imgui\imgui_widgets.cpp">
      <Filter>02. Design\05. ImGui_Manager\ImGui</Filter>
    </ClCompile>
    <ClCompile Include="..\..\Reference\Headers\Imgui\imgui_impl_dx11.cpp">
      <Filter>02. Design\05. ImGui_Manager\ImGui</Filter>
    </ClCompile>
    <ClCompile Include="..\Private\CWindow_Default.cpp">
      <Filter>02. Design\05. ImGui_Manager\ImGui_Window\01. Window_Default</Filter>
    </ClCompile>
    <ClCompile Include="..\Private\CLevel_Test.cpp">
      <Filter>03. Instances\01. Level\01. Level_Test</Filter>
    </ClCompile>
    <ClCompile Include="..\Private\CFader.cpp">
      <Filter>03. Instances\03. Component\02. Fader</Filter>
    </ClCompile>
    <ClCompile Include="..\Private\CImGui_Window.cpp">
      <Filter>02. Design\05. ImGui_Manager\ImGui_Window\00. base</Filter>
    </ClCompile>
    <ClCompile Include="..\private\CWindow_Select.cpp">
      <Filter>02. Design\05. ImGui_Manager\ImGui_Window\02. Window_Select</Filter>
    </ClCompile>
    <ClCompile Include="..\Private\Client_Defines.cpp">
      <Filter>00. Header</Filter>
    </ClCompile>
    <ClCompile Include="..\private\CSkyBox.cpp">
      <Filter>03. Instances\02. GameObject\04. SkyBox</Filter>
    </ClCompile>
    <ClCompile Include="..\private\CTerrain.cpp">
      <Filter>03. Instances\02. GameObject\07. Terrain</Filter>
    </ClCompile>
    <ClCompile Include="..\private\CUnit.cpp">
      <Filter>03. Instances\02. GameObject\02. Unit</Filter>
    </ClCompile>
    <ClCompile Include="..\private\CState.cpp">
      <Filter>02. Design\06. State_Manager\States</Filter>
    </ClCompile>
    <ClCompile Include="..\private\CState_Manager.cpp">
      <Filter>02. Design\06. State_Manager</Filter>
    </ClCompile>
    <ClCompile Include="..\private\CIdle_Player_L.cpp">
      <Filter>02. Design\06. State_Manager\States\01. Warrior\01. Player\01. Idle\02. Left</Filter>
    </ClCompile>
    <ClCompile Include="..\private\CEffects_Factory.cpp">
      <Filter>02. Design\02. Abstract_Factory\Effects_Factory</Filter>
    </ClCompile>
    <ClCompile Include="..\private\CTrailBuffer.cpp">
      <Filter>03. Instances\03. Component\03. TrailBuffer</Filter>
    </ClCompile>
    <ClCompile Include="..\Private\CTrailEffect.cpp">
      <Filter>03. Instances\02. GameObject\08. Effect\01. TrailEffect</Filter>
    </ClCompile>
    <ClCompile Include="..\private\CUnit_Warrior.cpp">
      <Filter>03. Instances\02. GameObject\02. Unit\Warrior</Filter>
    </ClCompile>
    <ClCompile Include="..\Private\CWindow_UI.cpp">
      <Filter>02. Design\05. ImGui_Manager\ImGui_Window\05. Window_UI</Filter>
    </ClCompile>
    <ClCompile Include="..\Private\CUI.cpp">
      <Filter>03. Instances\02. GameObject\01. UI\00. Base</Filter>
    </ClCompile>
    <ClCompile Include="..\Private\CUI_LobbyBG.cpp">
      <Filter>03. Instances\02. GameObject\01. UI\02.UI_Object\02.Lobby</Filter>
    </ClCompile>
    <ClCompile Include="..\Private\CUI_LoadingBG.cpp">
      <Filter>03. Instances\02. GameObject\01. UI\02.UI_Object\01.Loading\BG</Filter>
    </ClCompile>
    <ClCompile Include="..\Private\CUI_LoadingIcon.cpp">
      <Filter>03. Instances\02. GameObject\01. UI\02.UI_Object\01.Loading\Icon</Filter>
    </ClCompile>
    <ClCompile Include="..\Private\CUI_Object.cpp">
      <Filter>03. Instances\02. GameObject\01. UI\02.UI_Object\99.Default</Filter>
    </ClCompile>
    <ClCompile Include="..\Private\CLevel_Logo.cpp">
      <Filter>03. Instances\01. Level\02.Level_Logo</Filter>
    </ClCompile>
    <ClCompile Include="..\Private\CUI_Logo.cpp">
      <Filter>03. Instances\02. GameObject\01. UI\02.UI_Object\00.Logo</Filter>
    </ClCompile>
    <ClCompile Include="..\Private\CLevel_Main.cpp">
      <Filter>03. Instances\01. Level\03.Level_Main</Filter>
    </ClCompile>
    <ClCompile Include="..\Private\CUI_Black.cpp">
      <Filter>03. Instances\02. GameObject\01. UI\02.UI_Object\99.Default\Black</Filter>
    </ClCompile>
    <ClCompile Include="..\Private\CWindow_Map.cpp">
      <Filter>02. Design\05. ImGui_Manager\ImGui_Window\03. Window_MapTool</Filter>
    </ClCompile>
    <ClCompile Include="..\Private\CStructure.cpp">
      <Filter>03. Instances\02. GameObject\06. Map\Structure</Filter>
    </ClCompile>
    <ClCompile Include="..\Private\CEffect.cpp">
      <Filter>03. Instances\02. GameObject\08. Effect</Filter>
    </ClCompile>
    <ClCompile Include="..\Private\CTestEffect.cpp">
      <Filter>03. Instances\02. GameObject\08. Effect\00. TestEffect</Filter>
    </ClCompile>
    <ClCompile Include="..\Private\CUnit_Spearman.cpp">
      <Filter>03. Instances\02. GameObject\02. Unit\Spearman</Filter>
    </ClCompile>
    <ClCompile Include="..\private\CWalk_Player.cpp">
      <Filter>02. Design\06. State_Manager\States\01. Warrior\01. Player\02. Walk</Filter>
    </ClCompile>
    <ClCompile Include="..\private\CWarrior_Attack_01.cpp">
      <Filter>02. Design\06. State_Manager\States\01. Warrior\01. Player\04. Attack\01. Warrior\01. Attack</Filter>
    </ClCompile>
    <ClCompile Include="..\Private\CWindow_Effect.cpp">
      <Filter>02. Design\05. ImGui_Manager\ImGui_Window\04. Window_Effect</Filter>
    </ClCompile>
    <ClCompile Include="..\Private\CDefault_Effect.cpp">
      <Filter>03. Instances\02. GameObject\08. Effect\00. Default_Effect</Filter>
    </ClCompile>
    <ClCompile Include="..\Private\CCamera_Follow.cpp">
      <Filter>03. Instances\02. GameObject\03. Camera\Camera_Follow</Filter>
    </ClCompile>
    <ClCompile Include="..\Private\CScript_FollowCam.cpp">
      <Filter>03. Instances\02. GameObject\03. Camera\Camera_Follow</Filter>
    </ClCompile>
    <ClCompile Include="..\Private\CInstancingEffects.cpp">
      <Filter>03. Instances\02. GameObject\08. Effect\02. InstancEffect</Filter>
    </ClCompile>
    <ClCompile Include="..\Private\CRectEffects.cpp">
      <Filter>03. Instances\02. GameObject\08. Effect\03. Particle</Filter>
    </ClCompile>
    <ClCompile Include="..\Private\CSword_Effect.cpp">
      <Filter>03. Instances\02. GameObject\08. Effect\04. Sword_Effect</Filter>
    </ClCompile>
    <ClCompile Include="..\Private\CColorController.cpp">
      <Filter>03. Instances\03. Component\04. ColorController</Filter>
    </ClCompile>
    <ClCompile Include="..\Private\CUI_Text.cpp">
      <Filter>03. Instances\02. GameObject\01. UI\01.UI_Component\Text</Filter>
    </ClCompile>
    <ClCompile Include="..\Private\CUI_Component.cpp">
      <Filter>03. Instances\02. GameObject\01. UI\01.UI_Component</Filter>
    </ClCompile>
    <ClCompile Include="..\Private\CUI_Button.cpp">
      <Filter>03. Instances\02. GameObject\01. UI\01.UI_Component\Button</Filter>
    </ClCompile>
    <ClCompile Include="..\Private\CUI_Cursor.cpp">
      <Filter>03. Instances\02. GameObject\01. UI\02.UI_Object\98.Cursor</Filter>
    </ClCompile>
    <ClCompile Include="..\Private\CUI_Wrapper.cpp">
      <Filter>03. Instances\02. GameObject\01. UI\03.Wrapper</Filter>
    </ClCompile>
    <ClCompile Include="..\Private\CGame_Manager_JJ.cpp">
      <Filter>02. Design\04. Game_Manager\JJ</Filter>
    </ClCompile>
    <ClCompile Include="..\Private\CSlide_Player.cpp">
      <Filter>02. Design\06. State_Manager\States\02. Base_R\01. Warrior\01. Player\04. Slide</Filter>
    </ClCompile>
    <ClCompile Include="..\Private\Functor.cpp">
      <Filter>04. Module\00. Functor</Filter>
    </ClCompile>
    <ClCompile Include="..\Private\CSprint_Player.cpp">
      <Filter>02. Design\06. State_Manager\States\01. Warrior\01. Player\07. Sprint</Filter>
    </ClCompile>
    <ClCompile Include="..\Private\CUI_HeroGauge.cpp">
      <Filter>03. Instances\02. GameObject\01. UI\04.Play\03.HUD\HeroGauge</Filter>
    </ClCompile>
    <ClCompile Include="..\Private\CUI_Crosshair.cpp">
      <Filter>03. Instances\02. GameObject\01. UI\04.Play\03.HUD\CrossHair</Filter>
    </ClCompile>
    <ClCompile Include="..\Private\CUI_HpBar.cpp">
      <Filter>03. Instances\02. GameObject\01. UI\04.Play\03.HUD\Hp</Filter>
    </ClCompile>
    <ClCompile Include="..\Private\CUI_Portrait.cpp">
      <Filter>03. Instances\02. GameObject\01. UI\04.Play\03.HUD\Portrait</Filter>
    </ClCompile>
    <ClCompile Include="..\private\CWindow_PhysX.cpp">
      <Filter>02. Design\05. ImGui_Manager\ImGui_Window\06. Window_PhysX</Filter>
    </ClCompile>
    <ClCompile Include="..\private\CTestObject.cpp">
      <Filter>03. Instances\02. GameObject</Filter>
    </ClCompile>
    <ClCompile Include="..\Private\CIdle_Player_R.cpp">
      <Filter>02. Design\06. State_Manager\States\01. Warrior\01. Player\01. Idle\01. Right</Filter>
    </ClCompile>
    <ClCompile Include="..\Private\CWalk_Player_R.cpp">
      <Filter>02. Design\06. State_Manager\States\01. Warrior\01. Player\02. Walk\01. Right</Filter>
    </ClCompile>
    <ClCompile Include="..\Private\CWalk_Player_L.cpp">
      <Filter>02. Design\06. State_Manager\States\01. Warrior\01. Player\02. Walk\02. Left</Filter>
    </ClCompile>
    <ClCompile Include="..\Private\CWarrior_GuardBreak.cpp">
      <Filter>02. Design\06. State_Manager\States\01. Warrior\01. Player\04. Attack\01. Warrior\Skill\01. GuardBreak</Filter>
    </ClCompile>
    <ClCompile Include="..\private\CDebugObject.cpp">
      <Filter>03. Instances\02. GameObject\09. Debug</Filter>
    </ClCompile>
    <ClCompile Include="..\Private\CBloodOverlay.cpp">
      <Filter>03. Instances\02. GameObject\01. UI\04.Play\03.HUD\BloodOverlay</Filter>
    </ClCompile>
    <ClCompile Include="..\Private\CUI_Skill.cpp">
      <Filter>03. Instances\02. GameObject\01. UI\04.Play\03.HUD\Skill</Filter>
    </ClCompile>
    <ClCompile Include="..\private\CSwitchRtoL.cpp">
      <Filter>02. Design\06. State_Manager\States\01. Warrior\01. Player\01. Idle\03. SwitchRL</Filter>
    </ClCompile>
    <ClCompile Include="..\Private\CWarrior_Oxen_Begin.cpp">
      <Filter>02. Design\06. State_Manager\States\01. Warrior\01. Player\04. Attack\01. Warrior\Skill\02. Oxen\Begin</Filter>
    </ClCompile>
    <ClCompile Include="..\Private\CWarrior_Oxen_Cancel.cpp">
      <Filter>02. Design\06. State_Manager\States\01. Warrior\01. Player\04. Attack\01. Warrior\Skill\02. Oxen\End</Filter>
    </ClCompile>
    <ClCompile Include="..\Private\CWarrior_Oxen_Loop_Attack.cpp">
      <Filter>02. Design\06. State_Manager\States\01. Warrior\01. Player\04. Attack\01. Warrior\Skill\02. Oxen\Loop\02. Attack</Filter>
    </ClCompile>
    <ClCompile Include="..\Private\CWarrior_Oxen_Loop.cpp">
      <Filter>02. Design\06. State_Manager\States\01. Warrior\01. Player\04. Attack\01. Warrior\Skill\02. Oxen\Loop\01. Loop</Filter>
    </ClCompile>
    <ClCompile Include="..\Private\CSwitchLtoR.cpp">
      <Filter>02. Design\06. State_Manager\States\01. Warrior\01. Player\01. Idle\04. SwitchLR</Filter>
    </ClCompile>
    <ClCompile Include="..\Private\CWarrior_Attack_UpperMiddle_L.cpp">
      <Filter>02. Design\06. State_Manager\States\01. Warrior\01. Player\04. Attack\01. Warrior\01. Attack\UpperMiddle\02. Left</Filter>
    </ClCompile>
    <ClCompile Include="..\Private\CWarrior_Attack_UpperMiddle_R.cpp">
      <Filter>02. Design\06. State_Manager\States\01. Warrior\01. Player\04. Attack\01. Warrior\01. Attack\UpperMiddle\01. Right</Filter>
    </ClCompile>
    <ClCompile Include="..\Private\CWarrior_Attack_Sting_R.cpp">
      <Filter>02. Design\06. State_Manager\States\01. Warrior\01. Player\04. Attack\01. Warrior\01. Attack\Sting\02. Right</Filter>
    </ClCompile>
    <ClCompile Include="..\Private\CWarrior_Attack_Sting_L.cpp">
      <Filter>02. Design\06. State_Manager\States\01. Warrior\01. Player\04. Attack\01. Warrior\01. Attack\Sting\01. Left</Filter>
    </ClCompile>
    <ClCompile Include="..\Private\CWarrior_Attack_Takedown.cpp">
      <Filter>02. Design\06. State_Manager\States\01. Warrior\01. Player\04. Attack\01. Warrior\01. Attack\TakeDown</Filter>
    </ClCompile>
    <ClCompile Include="..\Private\CJump_Player.cpp">
      <Filter>02. Design\06. State_Manager\States\01. Warrior\01. Player\05. Jump\01. Begin</Filter>
    </ClCompile>
    <ClCompile Include="..\Private\CJump_Player_L.cpp">
      <Filter>02. Design\06. State_Manager\States\01. Warrior\01. Player\05. Jump\01. Begin\02. Left</Filter>
    </ClCompile>
    <ClCompile Include="..\Private\CJump_Player_Fall_L.cpp">
      <Filter>02. Design\06. State_Manager\States\01. Warrior\01. Player\05. Jump\02. Fall\02. Left</Filter>
    </ClCompile>
    <ClCompile Include="..\Private\CJump_Player_Fall_R.cpp">
      <Filter>02. Design\06. State_Manager\States\01. Warrior\01. Player\05. Jump\02. Fall\01. Right</Filter>
    </ClCompile>
    <ClCompile Include="..\Private\CJump_Player_R.cpp">
      <Filter>02. Design\06. State_Manager\States\01. Warrior\01. Player\05. Jump\01. Begin\01. Right</Filter>
    </ClCompile>
    <ClCompile Include="..\Private\CSprint_Begin.cpp">
      <Filter>02. Design\06. State_Manager\States\01. Warrior\01. Player\07. Sprint\03. Run\01. Begin</Filter>
    </ClCompile>
    <ClCompile Include="..\Private\CSprint_Loop.cpp">
      <Filter>02. Design\06. State_Manager\States\01. Warrior\01. Player\07. Sprint\03. Run\02. Loop</Filter>
    </ClCompile>
    <ClCompile Include="..\Private\CSprint_End.cpp">
      <Filter>02. Design\06. State_Manager\States\01. Warrior\01. Player\07. Sprint\03. Run\03. End</Filter>
    </ClCompile>
    <ClCompile Include="..\Private\CRun_Player_Begin_R.cpp">
      <Filter>02. Design\06. State_Manager\States\01. Warrior\01. Player\03. Run\01. Begin\01. Right</Filter>
    </ClCompile>
    <ClCompile Include="..\Private\CRun_Player_Begin_L.cpp">
      <Filter>02. Design\06. State_Manager\States\01. Warrior\01. Player\03. Run\01. Begin\02. Left</Filter>
    </ClCompile>
    <ClCompile Include="..\Private\CRun_Player_L.cpp">
      <Filter>02. Design\06. State_Manager\States\01. Warrior\01. Player\03. Run\02. Loop\02. Left</Filter>
    </ClCompile>
    <ClCompile Include="..\Private\CRun_Player_R.cpp">
      <Filter>02. Design\06. State_Manager\States\01. Warrior\01. Player\03. Run\02. Loop\01. Right</Filter>
    </ClCompile>
    <ClCompile Include="..\Private\CRun_Player.cpp">
      <Filter>02. Design\06. State_Manager\States\01. Warrior\01. Player\03. Run\02. Loop</Filter>
    </ClCompile>
    <ClCompile Include="..\Private\CRun_Player_Begin.cpp">
      <Filter>02. Design\06. State_Manager\States\01. Warrior\01. Player\03. Run\01. Begin</Filter>
    </ClCompile>
    <ClCompile Include="..\Private\CSprint_Jump_Player.cpp">
      <Filter>02. Design\06. State_Manager\States\01. Warrior\01. Player\07. Sprint\01. Jump\01. Begin</Filter>
    </ClCompile>
    <ClCompile Include="..\Private\CSprint_Jump_Fall_Player.cpp">
      <Filter>02. Design\06. State_Manager\States\01. Warrior\01. Player\07. Sprint\01. Jump\02. Fall</Filter>
    </ClCompile>
    <ClCompile Include="..\Private\CSlide_Loop_Player.cpp">
      <Filter>02. Design\06. State_Manager\States\01. Warrior\01. Player\06. Sliding\02. Loop</Filter>
    </ClCompile>
    <ClCompile Include="..\Private\CSlide_Begin_Player.cpp">
      <Filter>02. Design\06. State_Manager\States\01. Warrior\01. Player\06. Sliding\01. Begin</Filter>
    </ClCompile>
    <ClCompile Include="..\Private\CSlide_End_Player.cpp">
      <Filter>02. Design\06. State_Manager\States\01. Warrior\01. Player\06. Sliding\03. End</Filter>
    </ClCompile>
    <ClCompile Include="..\Private\CJump_Player_Land_R.cpp">
      <Filter>02. Design\06. State_Manager\States\01. Warrior\01. Player\05. Jump\03. Land\01. Right</Filter>
    </ClCompile>
    <ClCompile Include="..\Private\CJump_Player_Land_L.cpp">
      <Filter>02. Design\06. State_Manager\States\01. Warrior\01. Player\05. Jump\03. Land\02. Left</Filter>
    </ClCompile>
    <ClCompile Include="..\Private\CSprintAttack_Player.cpp">
      <Filter>02. Design\06. State_Manager\States\01. Warrior\01. Player\07. Sprint\02. Attack\02. RealAttack</Filter>
    </ClCompile>
    <ClCompile Include="..\Private\CSprintAttack_Player_Begin.cpp">
      <Filter>02. Design\06. State_Manager\States\01. Warrior\01. Player\07. Sprint\02. Attack\01. Begin</Filter>
    </ClCompile>
    <ClCompile Include="..\Private\CGuard_Loop_Player.cpp">
      <Filter>02. Design\06. State_Manager\States\01. Warrior\01. Player\08. Guard\02. Loop</Filter>
    </ClCompile>
    <ClCompile Include="..\Private\CGuard_End_Player.cpp">
      <Filter>02. Design\06. State_Manager\States\01. Warrior\01. Player\08. Guard\03. End</Filter>
    </ClCompile>
    <ClCompile Include="..\Private\CGuard_Cancel_Player.cpp">
      <Filter>02. Design\06. State_Manager\States\01. Warrior\01. Player\08. Guard\04. Cancel</Filter>
    </ClCompile>
    <ClCompile Include="..\Private\CGuard_Begin_Player.cpp">
      <Filter>02. Design\06. State_Manager\States\01. Warrior\01. Player\08. Guard\01. Begin</Filter>
    </ClCompile>
    <ClCompile Include="..\Private\CDrawable_Terrain.cpp">
      <Filter>03. Instances\02. GameObject\07. Terrain\Drawable_Terrain</Filter>
    </ClCompile>
  </ItemGroup>
  <ItemGroup>
    <ResourceCompile Include="Client.rc">
      <Filter>99. Default</Filter>
    </ResourceCompile>
  </ItemGroup>
  <ItemGroup>
    <FxCompile Include="..\Bin\ShaderFiles\Shader_VtxCubeTex.hlsl">
      <Filter>05. ShaderFiles</Filter>
    </FxCompile>
    <FxCompile Include="..\Bin\ShaderFiles\Shader_VtxNorTex.hlsl">
      <Filter>05. ShaderFiles</Filter>
    </FxCompile>
    <FxCompile Include="..\Bin\ShaderFiles\Shader_VtxTex.hlsl">
      <Filter>05. ShaderFiles</Filter>
    </FxCompile>
    <FxCompile Include="..\Bin\ShaderFiles\Shader_VtxModel.hlsl">
      <Filter>05. ShaderFiles</Filter>
    </FxCompile>
    <FxCompile Include="..\Bin\ShaderFiles\Shader_VtxAnimModel.hlsl">
      <Filter>05. ShaderFiles</Filter>
    </FxCompile>
    <FxCompile Include="..\Bin\ShaderFiles\Shader_VtxInstance.hlsl">
      <Filter>05. ShaderFiles</Filter>
    </FxCompile>
    <FxCompile Include="..\Bin\ShaderFiles\Shader_VtxPointInstance.hlsl">
      <Filter>05. ShaderFiles</Filter>
    </FxCompile>
    <FxCompile Include="..\Bin\ShaderFiles\Shader_VtxRectInstance.hlsl">
      <Filter>05. ShaderFiles</Filter>
    </FxCompile>
    <FxCompile Include="..\Bin\ShaderFiles\Shader_VtxTriInstance.hlsl">
      <Filter>05. ShaderFiles</Filter>
    </FxCompile>
    <FxCompile Include="..\Bin\ShaderFiles\Shader_VtxModelEffects.hlsl">
      <Filter>05. ShaderFiles</Filter>
    </FxCompile>
    <FxCompile Include="..\Bin\ShaderFiles\Shader_VtxDecalCube.hlsl">
      <Filter>05. ShaderFiles</Filter>
    </FxCompile>
  </ItemGroup>
</Project>