<?xml version="1.0" encoding="utf-8"?>
<Project ToolsVersion="4.0" xmlns="http://schemas.microsoft.com/developer/msbuild/2003">
  <ItemGroup>
    <Filter Include="99. Default">
      <UniqueIdentifier>{cb6a9258-5301-4a07-ba1b-c2597d0d50a5}</UniqueIdentifier>
    </Filter>
    <Filter Include="01. System">
      <UniqueIdentifier>{cc6446ea-8c65-4cae-9697-5f0991b620a5}</UniqueIdentifier>
    </Filter>
    <Filter Include="00. Headers">
      <UniqueIdentifier>{331c8a71-9354-4222-b9b6-9962459ae29f}</UniqueIdentifier>
    </Filter>
    <Filter Include="02. Singleton">
      <UniqueIdentifier>{75a91938-5d92-437c-9ebc-79f66dc9581f}</UniqueIdentifier>
    </Filter>
    <Filter Include="02. Singleton\01. GameInstance">
      <UniqueIdentifier>{1aa3cdee-314c-4213-b201-1e1fe3b4a402}</UniqueIdentifier>
    </Filter>
    <Filter Include="02. Singleton\02. Design">
      <UniqueIdentifier>{91d06d70-638f-4657-85ef-754677458258}</UniqueIdentifier>
    </Filter>
    <Filter Include="02. Singleton\02. Design\01. Event_Manager">
      <UniqueIdentifier>{91e21850-57b7-496d-998f-639e07401456}</UniqueIdentifier>
    </Filter>
    <Filter Include="02. Singleton\02. Design\02. Level_Manager">
      <UniqueIdentifier>{5123944f-d68f-4860-98df-2658667ce4fa}</UniqueIdentifier>
    </Filter>
    <Filter Include="02. Singleton\02. Design\03. Object_Manager">
      <UniqueIdentifier>{7240ad73-aa5b-47c6-a052-39776272fa54}</UniqueIdentifier>
    </Filter>
    <Filter Include="01. System\01. Graphic_Device">
      <UniqueIdentifier>{b7a95def-0b35-485c-8d06-dc9c4f0a1687}</UniqueIdentifier>
    </Filter>
    <Filter Include="01. System\02. Input_Device">
      <UniqueIdentifier>{d10b0fa4-f8f1-4b1b-b90d-8b66bd75b2c7}</UniqueIdentifier>
    </Filter>
    <Filter Include="01. System\03. Sound_Device">
      <UniqueIdentifier>{fcf09471-6eac-4b37-a03b-6d020ddeb3d6}</UniqueIdentifier>
    </Filter>
    <Filter Include="02. Singleton\02. Design\04. Camera_Manager">
      <UniqueIdentifier>{06691aff-a4f8-4b11-96b7-589e7f3f7a83}</UniqueIdentifier>
    </Filter>
    <Filter Include="02. Singleton\02. Design\05. Collision_Manager">
      <UniqueIdentifier>{1945d471-bf13-4e97-bafa-f192bf1d356a}</UniqueIdentifier>
    </Filter>
    <Filter Include="02. Singleton\02. Design\06. Time_Manager">
      <UniqueIdentifier>{0dc73030-2d0f-4eff-8441-452b8a1f2826}</UniqueIdentifier>
    </Filter>
    <Filter Include="02. Singleton\02. Design\07. Key_Manager">
      <UniqueIdentifier>{286f5cf3-344d-4951-86ce-aa25b193e56c}</UniqueIdentifier>
    </Filter>
    <Filter Include="02. Singleton\02. Design\08. Render_Manager">
      <UniqueIdentifier>{a44ce416-39dc-4deb-bc3e-9acf369a2c25}</UniqueIdentifier>
    </Filter>
    <Filter Include="02. Singleton\02. Design\09. Resource_Manager">
      <UniqueIdentifier>{e0aabb65-1b9c-4275-b5f6-f2f5760327ed}</UniqueIdentifier>
    </Filter>
    <Filter Include="02. Singleton\02. Design\11. Picking_Manager">
      <UniqueIdentifier>{35b98b04-673a-400f-8b75-a88c8b0e9f34}</UniqueIdentifier>
    </Filter>
    <Filter Include="02. Singleton\02. Design\12. Prototype_Manager">
      <UniqueIdentifier>{434d4893-568b-424c-a5e0-7d028ad78f8a}</UniqueIdentifier>
    </Filter>
    <Filter Include="02. Singleton\02. Design\13. ZFrustum">
      <UniqueIdentifier>{beb9960c-ad9a-4a05-a9ad-84051aa45ef1}</UniqueIdentifier>
    </Filter>
    <Filter Include="03. Instances">
      <UniqueIdentifier>{5260487f-db8c-4b31-a9ed-b279ed3d3dfd}</UniqueIdentifier>
    </Filter>
    <Filter Include="03. Instances\02. GameObject">
      <UniqueIdentifier>{297cfa56-e69e-41ed-825d-48f419a6d836}</UniqueIdentifier>
    </Filter>
    <Filter Include="03. Instances\02. GameObject\01. Camera">
      <UniqueIdentifier>{2ae2ffa9-41a9-4c43-91d8-158b1e949eff}</UniqueIdentifier>
    </Filter>
    <Filter Include="03. Instances\03. Component">
      <UniqueIdentifier>{6637dc74-7e83-4a5a-94fa-10a7c310ef46}</UniqueIdentifier>
    </Filter>
    <Filter Include="03. Instances\03. Component\01. Transform">
      <UniqueIdentifier>{e1a2b844-ca2d-43fe-8800-61b873118232}</UniqueIdentifier>
    </Filter>
    <Filter Include="03. Instances\03. Component\02. Collider">
      <UniqueIdentifier>{6c62bb8a-af46-44a4-b8ee-f9a057e099bc}</UniqueIdentifier>
    </Filter>
    <Filter Include="03. Instances\03. Component\02. Collider\Collider_Sphere">
      <UniqueIdentifier>{6d345af7-2fa5-4bee-9937-6e49373e84d4}</UniqueIdentifier>
    </Filter>
    <Filter Include="03. Instances\03. Component\02. Collider\Collider_Box">
      <UniqueIdentifier>{dce2a0f3-5aaf-4c9c-9672-be494310c08f}</UniqueIdentifier>
    </Filter>
    <Filter Include="03. Instances\03. Component\03. Renderer">
      <UniqueIdentifier>{8d352d13-4baf-44c0-89e1-c32dd0717024}</UniqueIdentifier>
    </Filter>
    <Filter Include="03. Instances\03. Component\04. Behave">
      <UniqueIdentifier>{58962f7f-4c20-46c3-9588-263a2866de0d}</UniqueIdentifier>
    </Filter>
    <Filter Include="03. Instances\03. Component\05. Physics">
      <UniqueIdentifier>{3f1af19d-571b-4546-9532-dd0b9e743a2d}</UniqueIdentifier>
    </Filter>
    <Filter Include="03. Instances\03. Component\06. Scriptable">
      <UniqueIdentifier>{70eccc67-4c1b-45e5-ba38-6e1bb2cbd688}</UniqueIdentifier>
    </Filter>
    <Filter Include="03. Instances\03. Component\07. ParticleSystem">
      <UniqueIdentifier>{300b2661-3eb0-43d1-b21e-67dd6bda4ff3}</UniqueIdentifier>
    </Filter>
    <Filter Include="03. Instances\01. Level">
      <UniqueIdentifier>{ac36c8ac-c38e-4e3e-943b-a6413ada35ef}</UniqueIdentifier>
    </Filter>
    <Filter Include="03. Instances\03. Component\08. Texture">
      <UniqueIdentifier>{84aaff26-e464-439c-9268-94d9b997a5b2}</UniqueIdentifier>
    </Filter>
    <Filter Include="03. Instances\03. Component\09. Shader">
      <UniqueIdentifier>{50b28529-ce3e-4a2f-96fa-6ada97249b20}</UniqueIdentifier>
    </Filter>
    <Filter Include="03. Instances\03. Component\10. Mesh">
      <UniqueIdentifier>{e5fd6e9c-067a-4676-a977-55d9288eb138}</UniqueIdentifier>
    </Filter>
    <Filter Include="02. Singleton\02. Design\10. Component_Manager">
      <UniqueIdentifier>{159da6d8-808a-4c34-a99d-42035c86aff1}</UniqueIdentifier>
    </Filter>
    <Filter Include="03. Instances\03. Component\11. Timer">
      <UniqueIdentifier>{343830c4-41cd-4de6-bc54-1f6c2c145bbe}</UniqueIdentifier>
    </Filter>
    <Filter Include="03. Instances\03. Component\10. Mesh\Mesh_Rect">
      <UniqueIdentifier>{ca1db4c8-936b-401a-bb37-0d2ef3511ba2}</UniqueIdentifier>
    </Filter>
    <Filter Include="02. Singleton\02. Design\14. Shader_Manager">
      <UniqueIdentifier>{9d593c2a-d90b-4a46-94cb-ee9c74c6fc7f}</UniqueIdentifier>
    </Filter>
    <Filter Include="02. Singleton\02. Design\15. Font_Manager">
      <UniqueIdentifier>{73f8e57e-f010-484f-9f25-2d326606690e}</UniqueIdentifier>
    </Filter>
    <Filter Include="02. Singleton\02. Design\15. Font_Manager\CustomFont">
      <UniqueIdentifier>{3be17a00-0fbf-42ee-9d99-00cd5988e54d}</UniqueIdentifier>
    </Filter>
    <Filter Include="03. Instances\03. Component\10. Mesh\Mesh_Cube">
      <UniqueIdentifier>{9727c6da-fc43-4a47-baf0-b22b205cd5ca}</UniqueIdentifier>
    </Filter>
    <Filter Include="03. Instances\03. Component\10. Mesh\Mesh_Terrain">
      <UniqueIdentifier>{84dcbc29-7472-49ee-8d0e-0f09dbe98029}</UniqueIdentifier>
    </Filter>
    <Filter Include="03. Instances\03. Component\12. Model">
      <UniqueIdentifier>{a54ca1e4-80a4-4c01-80e3-41d7223e5b3d}</UniqueIdentifier>
    </Filter>
    <Filter Include="03. Instances\03. Component\12. Model\MeshContainer">
      <UniqueIdentifier>{099a2702-7ce0-4df7-9c22-116ca2ae1476}</UniqueIdentifier>
    </Filter>
    <Filter Include="03. Instances\03. Component\03. Renderer\ModelRenderer">
      <UniqueIdentifier>{fed8ab0e-4765-4b10-abd9-ef6ef36be140}</UniqueIdentifier>
    </Filter>
    <Filter Include="03. Instances\03. Component\13. Animator">
      <UniqueIdentifier>{4fbf980e-2481-41fe-ab9d-6ff5f1399b37}</UniqueIdentifier>
    </Filter>
    <Filter Include="03. Instances\03. Component\13. Animator\Channel">
      <UniqueIdentifier>{bb0eabb5-2363-4908-859d-f71919ffbff7}</UniqueIdentifier>
    </Filter>
    <Filter Include="03. Instances\03. Component\13. Animator\Animation">
      <UniqueIdentifier>{5e14632f-015e-4505-a6ad-49ade90337ba}</UniqueIdentifier>
    </Filter>
    <Filter Include="03. Instances\03. Component\13. Animator\HierarchyNode">
      <UniqueIdentifier>{78e788fa-f309-4269-a3a5-0ce0d951cc1b}</UniqueIdentifier>
    </Filter>
    <Filter Include="02. Singleton\02. Design\09. Resource_Manager\Resource">
      <UniqueIdentifier>{9664e320-8fb7-49b5-9920-f7f18d3e8d76}</UniqueIdentifier>
    </Filter>
    <Filter Include="02. Singleton\02. Design\09. Resource_Manager\Resource\Material">
      <UniqueIdentifier>{67def036-40e1-471b-b274-72d87d001865}</UniqueIdentifier>
    </Filter>
    <Filter Include="04. Module">
      <UniqueIdentifier>{232f7c63-7508-44d2-a243-f283d2d00d58}</UniqueIdentifier>
    </Filter>
    <Filter Include="02. Singleton\02. Design\09. Resource_Manager\Resource\Bone">
      <UniqueIdentifier>{58eebaf9-b284-421d-9d6b-b978dfb58f96}</UniqueIdentifier>
    </Filter>
    <Filter Include="02. Singleton\02. Design\09. Resource_Manager\Resource\Animaiton">
      <UniqueIdentifier>{f95e393f-d2ee-4f33-9dd4-da8c08d313b1}</UniqueIdentifier>
    </Filter>
    <Filter Include="04. Module\Utility_FIle">
      <UniqueIdentifier>{168a635d-71a3-42e7-88cb-c9ef7a5f5959}</UniqueIdentifier>
    </Filter>
    <Filter Include="03. Instances\03. Component\14. Navigation">
      <UniqueIdentifier>{9456356e-c69a-4532-9c7a-2ab630b23879}</UniqueIdentifier>
    </Filter>
    <Filter Include="03. Instances\03. Component\14. Navigation\Cell">
      <UniqueIdentifier>{6463e0de-ec3d-44fc-b805-3dd467385986}</UniqueIdentifier>
    </Filter>
    <Filter Include="02. Singleton\02. Design\16. Frustum_Manager">
      <UniqueIdentifier>{dab84daf-9ed6-4494-a148-4db6288340a3}</UniqueIdentifier>
    </Filter>
    <Filter Include="03. Instances\03. Component\12. Model\InstanceMesh">
      <UniqueIdentifier>{c0fe3166-fa84-403b-b97f-9e57bf092ae9}</UniqueIdentifier>
    </Filter>
    <Filter Include="03. Instances\03. Component\02. Collider\DebugDraw">
      <UniqueIdentifier>{7d7f1397-7680-4540-8e5e-223fa2a0ddb6}</UniqueIdentifier>
    </Filter>
    <Filter Include="02. Singleton\02. Design\17. Target_Manager">
      <UniqueIdentifier>{5461e2e0-d126-489a-9e34-8d935ed1fe57}</UniqueIdentifier>
    </Filter>
    <Filter Include="02. Singleton\02. Design\17. Target_Manager\Target">
      <UniqueIdentifier>{e0f0c301-539b-4971-b804-69d5c2251057}</UniqueIdentifier>
    </Filter>
    <Filter Include="02. Singleton\02. Design\18. Light_Manager">
      <UniqueIdentifier>{166b324b-c8e6-47e2-89e5-1cee349c884f}</UniqueIdentifier>
    </Filter>
    <Filter Include="02. Singleton\02. Design\18. Light_Manager\Light">
      <UniqueIdentifier>{a0bbf830-f3d8-4c8d-b4fe-f050434cb489}</UniqueIdentifier>
    </Filter>
    <Filter Include="05. ShaderFiles">
      <UniqueIdentifier>{98610f33-de31-49c9-b823-8d518729a585}</UniqueIdentifier>
    </Filter>
    <Filter Include="02. Singleton\02. Design\09. Resource_Manager\Resource\Mesh">
      <UniqueIdentifier>{3c5b9688-adce-4002-94de-6add929e8dfb}</UniqueIdentifier>
    </Filter>
    <Filter Include="03. Instances\03. Component\10. Mesh\11. RectInstance">
      <UniqueIdentifier>{4551933f-af5f-4bd9-8ec0-15f9110cb2c6}</UniqueIdentifier>
    </Filter>
    <Filter Include="03. Instances\03. Component\10. Mesh\Mesh_TriInstance">
      <UniqueIdentifier>{27ab2f4e-de1d-4ac6-b701-c07de5f305b3}</UniqueIdentifier>
    </Filter>
    <Filter Include="04. Module\Utility_Easing">
      <UniqueIdentifier>{5daf819f-da78-4cd2-9a57-5e1a59a5f860}</UniqueIdentifier>
    </Filter>
    <Filter Include="02. Singleton\02. Design\19. PhysX_Manager">
      <UniqueIdentifier>{737b1200-a635-4fae-b316-2927dccb3384}</UniqueIdentifier>
    </Filter>
    <Filter Include="99. Default\PhysX">
      <UniqueIdentifier>{5845ba72-0bd0-4a88-82d4-72d62866a1fc}</UniqueIdentifier>
    </Filter>
    <Filter Include="02. Singleton\02. Design\19. PhysX_Manager\PhysXCollider">
      <UniqueIdentifier>{45cad06b-99b7-475e-a225-01f0a15c9922}</UniqueIdentifier>
    </Filter>
    <Filter Include="02. Singleton\02. Design\19. PhysX_Manager\PhysXCharacter">
      <UniqueIdentifier>{a6f840f8-e9eb-43dd-917c-6a4876103ea8}</UniqueIdentifier>
    </Filter>
    <Filter Include="04. Module\Utility_PhysX">
      <UniqueIdentifier>{9cbe3caa-909a-4656-9e4c-b1be611b87f5}</UniqueIdentifier>
    </Filter>
    <Filter Include="02. Singleton\02. Design\19. PhysX_Manager\BoneCollider">
      <UniqueIdentifier>{29176b55-122f-467f-bb3d-fd7465e6e5b0}</UniqueIdentifier>
    </Filter>
    <Filter Include="03. Instances\03. Component\03. Renderer\TerrainRenderer">
      <UniqueIdentifier>{06bdda19-c2ba-43e1-bc92-13b8e2c21d32}</UniqueIdentifier>
    </Filter>
  </ItemGroup>
  <ItemGroup>
    <ClCompile Include="..\Private\Camera.cpp">
      <Filter>03. Instances\02. GameObject\01. Camera</Filter>
    </ClCompile>
    <ClCompile Include="..\Private\Collider.cpp">
      <Filter>03. Instances\03. Component\02. Collider</Filter>
    </ClCompile>
    <ClCompile Include="..\Private\Camera_Manager.cpp">
      <Filter>02. Singleton\02. Design\04. Camera_Manager</Filter>
    </ClCompile>
    <ClCompile Include="..\Private\Collision_Manager.cpp">
      <Filter>02. Singleton\02. Design\05. Collision_Manager</Filter>
    </ClCompile>
    <ClCompile Include="..\Private\Component.cpp">
      <Filter>03. Instances\03. Component</Filter>
    </ClCompile>
    <ClCompile Include="..\Private\Event_Manager.cpp">
      <Filter>02. Singleton\02. Design\01. Event_Manager</Filter>
    </ClCompile>
    <ClCompile Include="..\Private\GameInstance.cpp">
      <Filter>02. Singleton\01. GameInstance</Filter>
    </ClCompile>
    <ClCompile Include="..\Private\GameObject.cpp">
      <Filter>03. Instances\02. GameObject</Filter>
    </ClCompile>
    <ClCompile Include="..\Private\Graphic_Device.cpp">
      <Filter>01. System\01. Graphic_Device</Filter>
    </ClCompile>
    <ClCompile Include="..\Private\Input_Device.cpp">
      <Filter>01. System\02. Input_Device</Filter>
    </ClCompile>
    <ClCompile Include="..\Private\Key_Manager.cpp">
      <Filter>02. Singleton\02. Design\07. Key_Manager</Filter>
    </ClCompile>
    <ClCompile Include="..\Private\Level_Manager.cpp">
      <Filter>02. Singleton\02. Design\02. Level_Manager</Filter>
    </ClCompile>
    <ClCompile Include="..\Private\Level.cpp">
      <Filter>03. Instances\01. Level</Filter>
    </ClCompile>
    <ClCompile Include="..\Private\Object_Manager.cpp">
      <Filter>02. Singleton\02. Design\03. Object_Manager</Filter>
    </ClCompile>
    <ClCompile Include="..\Private\Particle.cpp">
      <Filter>03. Instances\03. Component\07. ParticleSystem</Filter>
    </ClCompile>
    <ClCompile Include="..\Private\ParticleSystem.cpp">
      <Filter>03. Instances\03. Component\07. ParticleSystem</Filter>
    </ClCompile>
    <ClCompile Include="..\Private\Physics.cpp">
      <Filter>03. Instances\03. Component\05. Physics</Filter>
    </ClCompile>
    <ClCompile Include="..\Private\Picking_Manager.cpp">
      <Filter>02. Singleton\02. Design\11. Picking_Manager</Filter>
    </ClCompile>
    <ClCompile Include="..\Private\Prototype_Manager.cpp">
      <Filter>02. Singleton\02. Design\12. Prototype_Manager</Filter>
    </ClCompile>
    <ClCompile Include="..\Private\Render_Manager.cpp">
      <Filter>02. Singleton\02. Design\08. Render_Manager</Filter>
    </ClCompile>
    <ClCompile Include="..\Private\Renderer.cpp">
      <Filter>03. Instances\03. Component\03. Renderer</Filter>
    </ClCompile>
    <ClCompile Include="..\Private\Time_Manager.cpp">
      <Filter>02. Singleton\02. Design\06. Time_Manager</Filter>
    </ClCompile>
    <ClCompile Include="..\Private\Sound_Device.cpp">
      <Filter>01. System\03. Sound_Device</Filter>
    </ClCompile>
    <ClCompile Include="..\Private\Transform.cpp">
      <Filter>03. Instances\03. Component\01. Transform</Filter>
    </ClCompile>
    <ClCompile Include="..\Private\ZFrustum.cpp">
      <Filter>02. Singleton\02. Design\13. ZFrustum</Filter>
    </ClCompile>
    <ClCompile Include="..\Private\CCollider_Sphere.cpp">
      <Filter>03. Instances\03. Component\02. Collider\Collider_Sphere</Filter>
    </ClCompile>
    <ClCompile Include="..\private\CCollider_Box.cpp">
      <Filter>03. Instances\03. Component\02. Collider\Collider_Box</Filter>
    </ClCompile>
    <ClCompile Include="..\Private\Texture.cpp">
      <Filter>03. Instances\03. Component\08. Texture</Filter>
    </ClCompile>
    <ClCompile Include="..\Private\Engine_Struct.cpp">
      <Filter>00. Headers</Filter>
    </ClCompile>
    <ClCompile Include="..\private\CShader.cpp">
      <Filter>03. Instances\03. Component\09. Shader</Filter>
    </ClCompile>
    <ClCompile Include="..\private\CComponent_Manager.cpp">
      <Filter>02. Singleton\02. Design\10. Component_Manager</Filter>
    </ClCompile>
    <ClCompile Include="..\private\CMesh.cpp">
      <Filter>03. Instances\03. Component\10. Mesh</Filter>
    </ClCompile>
    <ClCompile Include="..\private\CTimer.cpp">
      <Filter>03. Instances\03. Component\11. Timer</Filter>
    </ClCompile>
    <ClCompile Include="..\private\CMesh_Rect.cpp">
      <Filter>03. Instances\03. Component\10. Mesh\Mesh_Rect</Filter>
    </ClCompile>
    <ClCompile Include="..\private\CScriptable.cpp">
      <Filter>03. Instances\03. Component\06. Scriptable</Filter>
    </ClCompile>
    <ClCompile Include="..\private\CShader_Manager.cpp">
      <Filter>02. Singleton\02. Design\14. Shader_Manager</Filter>
    </ClCompile>
    <ClCompile Include="..\Private\Font_Manager.cpp">
      <Filter>02. Singleton\02. Design\15. Font_Manager</Filter>
    </ClCompile>
    <ClCompile Include="..\Private\CustomFont.cpp">
      <Filter>02. Singleton\02. Design\15. Font_Manager\CustomFont</Filter>
    </ClCompile>
    <ClCompile Include="..\private\CMesh_Cube.cpp">
      <Filter>03. Instances\03. Component\10. Mesh\Mesh_Cube</Filter>
    </ClCompile>
    <ClCompile Include="..\private\CMesh_Terrain.cpp">
      <Filter>03. Instances\03. Component\10. Mesh\Mesh_Terrain</Filter>
    </ClCompile>
    <ClCompile Include="..\Private\Model.cpp">
      <Filter>03. Instances\03. Component\12. Model</Filter>
    </ClCompile>
    <ClCompile Include="..\Private\Channel.cpp">
      <Filter>03. Instances\03. Component\13. Animator\Channel</Filter>
    </ClCompile>
    <ClCompile Include="..\Private\HIerarchyNode.cpp">
      <Filter>03. Instances\03. Component\13. Animator\HierarchyNode</Filter>
    </ClCompile>
    <ClCompile Include="..\Private\MeshContainer.cpp">
      <Filter>03. Instances\03. Component\12. Model\MeshContainer</Filter>
    </ClCompile>
    <ClCompile Include="..\private\CModel_Renderer.cpp">
      <Filter>03. Instances\03. Component\03. Renderer\ModelRenderer</Filter>
    </ClCompile>
    <ClCompile Include="..\private\CResource_Manager.cpp">
      <Filter>02. Singleton\02. Design\09. Resource_Manager</Filter>
    </ClCompile>
    <ClCompile Include="..\Private\Animation.cpp">
      <Filter>03. Instances\03. Component\13. Animator\Animation</Filter>
    </ClCompile>
    <ClCompile Include="..\private\CAnimator.cpp">
      <Filter>03. Instances\03. Component\13. Animator</Filter>
    </ClCompile>
    <ClCompile Include="..\private\CResource.cpp">
      <Filter>02. Singleton\02. Design\09. Resource_Manager\Resource</Filter>
    </ClCompile>
    <ClCompile Include="..\private\CResource_Material.cpp">
      <Filter>02. Singleton\02. Design\09. Resource_Manager\Resource\Material</Filter>
    </ClCompile>
    <ClCompile Include="..\private\CResource_Bone.cpp">
      <Filter>02. Singleton\02. Design\09. Resource_Manager\Resource\Bone</Filter>
    </ClCompile>
    <ClCompile Include="..\private\CResource_Mesh.cpp">
      <Filter>02. Singleton\02. Design\09. Resource_Manager\Resource\Mesh</Filter>
    </ClCompile>
    <ClCompile Include="..\private\CResource_Animation.cpp">
      <Filter>02. Singleton\02. Design\09. Resource_Manager\Resource\Animaiton</Filter>
    </ClCompile>
    <ClCompile Include="..\private\CUtility_File.cpp">
      <Filter>04. Module\Utility_FIle</Filter>
    </ClCompile>
    <ClCompile Include="..\private\CNavigation.cpp">
      <Filter>03. Instances\03. Component\14. Navigation</Filter>
    </ClCompile>
    <ClCompile Include="..\private\CCell.cpp">
      <Filter>03. Instances\03. Component\14. Navigation\Cell</Filter>
    </ClCompile>
    <ClCompile Include="..\private\CFrustum_Manager.cpp">
      <Filter>02. Singleton\02. Design\16. Frustum_Manager</Filter>
    </ClCompile>
    <ClCompile Include="..\private\CInstanceMesh.cpp">
      <Filter>03. Instances\03. Component\12. Model\InstanceMesh</Filter>
    </ClCompile>
    <ClCompile Include="..\Private\DebugDraw.cpp">
      <Filter>03. Instances\03. Component\02. Collider\DebugDraw</Filter>
    </ClCompile>
    <ClCompile Include="..\private\CRenderTarget.cpp">
      <Filter>02. Singleton\02. Design\17. Target_Manager\Target</Filter>
    </ClCompile>
    <ClCompile Include="..\private\CLight_Manager.cpp">
      <Filter>02. Singleton\02. Design\18. Light_Manager</Filter>
    </ClCompile>
    <ClCompile Include="..\private\CTarget_Manager.cpp">
      <Filter>02. Singleton\02. Design\17. Target_Manager</Filter>
    </ClCompile>
    <ClCompile Include="..\private\CLight.cpp">
      <Filter>02. Singleton\02. Design\18. Light_Manager\Light</Filter>
    </ClCompile>
    <ClCompile Include="..\private\CRect_Instance.cpp">
      <Filter>03. Instances\03. Component\10. Mesh\11. RectInstance</Filter>
    </ClCompile>
    <ClCompile Include="..\private\CTri_Instance.cpp">
      <Filter>03. Instances\03. Component\10. Mesh\Mesh_TriInstance</Filter>
    </ClCompile>
    <ClCompile Include="..\Private\Easing_Utillity.cpp">
      <Filter>04. Module\Utility_Easing</Filter>
    </ClCompile>
    <ClCompile Include="..\Private\PhysX_Manager.cpp">
      <Filter>02. Singleton\02. Design\19. PhysX_Manager</Filter>
    </ClCompile>
    <ClCompile Include="..\Private\PhysXCollider.cpp">
      <Filter>02. Singleton\02. Design\19. PhysX_Manager\PhysXCollider</Filter>
    </ClCompile>
    <ClCompile Include="..\private\CPhysXCharacter.cpp">
      <Filter>02. Singleton\02. Design\19. PhysX_Manager\PhysXCharacter</Filter>
    </ClCompile>
    <ClCompile Include="..\private\CUtility_PhysX.cpp">
      <Filter>04. Module\Utility_PhysX</Filter>
    </ClCompile>
    <ClCompile Include="..\private\CBoneCollider.cpp">
      <Filter>02. Singleton\02. Design\19. PhysX_Manager\BoneCollider</Filter>
    </ClCompile>
    <ClCompile Include="..\Private\CTerrain_Renderer.cpp">
      <Filter>03. Instances\03. Component\03. Renderer\TerrainRenderer</Filter>
    </ClCompile>
  </ItemGroup>
  <ItemGroup>
    <ClInclude Include="..\Public\Engine_Defines.h">
      <Filter>00. Headers</Filter>
    </ClInclude>
    <ClInclude Include="..\Public\Engine_Enum.h">
      <Filter>00. Headers</Filter>
    </ClInclude>
    <ClInclude Include="..\Public\Engine_Function.h">
      <Filter>00. Headers</Filter>
    </ClInclude>
    <ClInclude Include="..\Public\Engine_Functor.h">
      <Filter>00. Headers</Filter>
    </ClInclude>
    <ClInclude Include="..\Public\Engine_Macro.h">
      <Filter>00. Headers</Filter>
    </ClInclude>
    <ClInclude Include="..\Public\Engine_Struct.h">
      <Filter>00. Headers</Filter>
    </ClInclude>
    <ClInclude Include="..\Public\Engine_Typedef.h">
      <Filter>00. Headers</Filter>
    </ClInclude>
    <ClInclude Include="..\Public\Camera.h">
      <Filter>03. Instances\02. GameObject\01. Camera</Filter>
    </ClInclude>
    <ClInclude Include="..\Public\Collider.h">
      <Filter>03. Instances\03. Component\02. Collider</Filter>
    </ClInclude>
    <ClInclude Include="..\Public\Camera_Manager.h">
      <Filter>02. Singleton\02. Design\04. Camera_Manager</Filter>
    </ClInclude>
    <ClInclude Include="..\Public\Collision_Manager.h">
      <Filter>02. Singleton\02. Design\05. Collision_Manager</Filter>
    </ClInclude>
    <ClInclude Include="..\Public\Component.h">
      <Filter>03. Instances\03. Component</Filter>
    </ClInclude>
    <ClInclude Include="..\Public\Event_Manager.h">
      <Filter>02. Singleton\02. Design\01. Event_Manager</Filter>
    </ClInclude>
    <ClInclude Include="..\Public\GameInstance.h">
      <Filter>02. Singleton\01. GameInstance</Filter>
    </ClInclude>
    <ClInclude Include="..\Public\GameObject.h">
      <Filter>03. Instances\02. GameObject</Filter>
    </ClInclude>
    <ClInclude Include="..\Public\Graphic_Device.h">
      <Filter>01. System\01. Graphic_Device</Filter>
    </ClInclude>
    <ClInclude Include="..\Public\Input_Device.h">
      <Filter>01. System\02. Input_Device</Filter>
    </ClInclude>
    <ClInclude Include="..\Public\Key_Manager.h">
      <Filter>02. Singleton\02. Design\07. Key_Manager</Filter>
    </ClInclude>
    <ClInclude Include="..\Public\Level_Manager.h">
      <Filter>02. Singleton\02. Design\02. Level_Manager</Filter>
    </ClInclude>
    <ClInclude Include="..\Public\Level.h">
      <Filter>03. Instances\01. Level</Filter>
    </ClInclude>
    <ClInclude Include="..\Public\Object_Manager.h">
      <Filter>02. Singleton\02. Design\03. Object_Manager</Filter>
    </ClInclude>
    <ClInclude Include="..\Public\Particle.h">
      <Filter>03. Instances\03. Component\07. ParticleSystem</Filter>
    </ClInclude>
    <ClInclude Include="..\Public\ParticleSystem.h">
      <Filter>03. Instances\03. Component\07. ParticleSystem</Filter>
    </ClInclude>
    <ClInclude Include="..\Public\Physics.h">
      <Filter>03. Instances\03. Component\05. Physics</Filter>
    </ClInclude>
    <ClInclude Include="..\Public\Picking_Manager.h">
      <Filter>02. Singleton\02. Design\11. Picking_Manager</Filter>
    </ClInclude>
    <ClInclude Include="..\Public\Prototype_Manager.h">
      <Filter>02. Singleton\02. Design\12. Prototype_Manager</Filter>
    </ClInclude>
    <ClInclude Include="..\Public\Render_Manager.h">
      <Filter>02. Singleton\02. Design\08. Render_Manager</Filter>
    </ClInclude>
    <ClInclude Include="..\Public\Renderer.h">
      <Filter>03. Instances\03. Component\03. Renderer</Filter>
    </ClInclude>
    <ClInclude Include="..\Public\Time_Manager.h">
      <Filter>02. Singleton\02. Design\06. Time_Manager</Filter>
    </ClInclude>
    <ClInclude Include="..\Public\Sound_Device.h">
      <Filter>01. System\03. Sound_Device</Filter>
    </ClInclude>
    <ClInclude Include="..\Public\Transform.h">
      <Filter>03. Instances\03. Component\01. Transform</Filter>
    </ClInclude>
    <ClInclude Include="..\Public\ZFrustum.h">
      <Filter>02. Singleton\02. Design\13. ZFrustum</Filter>
    </ClInclude>
    <ClInclude Include="..\public\CCollider_Sphere.h">
      <Filter>03. Instances\03. Component\02. Collider\Collider_Sphere</Filter>
    </ClInclude>
    <ClInclude Include="..\public\CCollider_Box.h">
      <Filter>03. Instances\03. Component\02. Collider\Collider_Box</Filter>
    </ClInclude>
    <ClInclude Include="..\Public\Texture.h">
      <Filter>03. Instances\03. Component\08. Texture</Filter>
    </ClInclude>
    <ClInclude Include="..\public\CShader.h">
      <Filter>03. Instances\03. Component\09. Shader</Filter>
    </ClInclude>
    <ClInclude Include="..\public\CComponent_Manager.h">
      <Filter>02. Singleton\02. Design\10. Component_Manager</Filter>
    </ClInclude>
    <ClInclude Include="..\public\CMesh.h">
      <Filter>03. Instances\03. Component\10. Mesh</Filter>
    </ClInclude>
    <ClInclude Include="..\public\CTimer.h">
      <Filter>03. Instances\03. Component\11. Timer</Filter>
    </ClInclude>
    <ClInclude Include="..\public\CMesh_Rect.h">
      <Filter>03. Instances\03. Component\10. Mesh\Mesh_Rect</Filter>
    </ClInclude>
    <ClInclude Include="..\Public\Delegate\Delegate.h">
      <Filter>99. Default</Filter>
    </ClInclude>
    <ClInclude Include="..\public\CScriptable.h">
      <Filter>03. Instances\03. Component\06. Scriptable</Filter>
    </ClInclude>
    <ClInclude Include="..\public\CShader_Manager.h">
      <Filter>02. Singleton\02. Design\14. Shader_Manager</Filter>
    </ClInclude>
    <ClInclude Include="..\Public\Font_Manager.h">
      <Filter>02. Singleton\02. Design\15. Font_Manager</Filter>
    </ClInclude>
    <ClInclude Include="..\Public\CustomFont.h">
      <Filter>02. Singleton\02. Design\15. Font_Manager\CustomFont</Filter>
    </ClInclude>
    <ClInclude Include="..\public\CMesh_Cube.h">
      <Filter>03. Instances\03. Component\10. Mesh\Mesh_Cube</Filter>
    </ClInclude>
    <ClInclude Include="..\public\CMesh_Terrain.h">
      <Filter>03. Instances\03. Component\10. Mesh\Mesh_Terrain</Filter>
    </ClInclude>
    <ClInclude Include="..\Public\Model.h">
      <Filter>03. Instances\03. Component\12. Model</Filter>
    </ClInclude>
    <ClInclude Include="..\Public\Channel.h">
      <Filter>03. Instances\03. Component\13. Animator\Channel</Filter>
    </ClInclude>
    <ClInclude Include="..\Public\HIerarchyNode.h">
      <Filter>03. Instances\03. Component\13. Animator\HierarchyNode</Filter>
    </ClInclude>
    <ClInclude Include="..\Public\MeshContainer.h">
      <Filter>03. Instances\03. Component\12. Model\MeshContainer</Filter>
    </ClInclude>
    <ClInclude Include="..\public\CModel_Renderer.h">
      <Filter>03. Instances\03. Component\03. Renderer\ModelRenderer</Filter>
    </ClInclude>
    <ClInclude Include="..\public\CResource_Manager.h">
      <Filter>02. Singleton\02. Design\09. Resource_Manager</Filter>
    </ClInclude>
    <ClInclude Include="..\Public\Animation.h">
      <Filter>03. Instances\03. Component\13. Animator\Animation</Filter>
    </ClInclude>
    <ClInclude Include="..\public\CAnimator.h">
      <Filter>03. Instances\03. Component\13. Animator</Filter>
    </ClInclude>
    <ClInclude Include="..\public\CResource.h">
      <Filter>02. Singleton\02. Design\09. Resource_Manager\Resource</Filter>
    </ClInclude>
    <ClInclude Include="..\public\CResource_Material.h">
      <Filter>02. Singleton\02. Design\09. Resource_Manager\Resource\Material</Filter>
    </ClInclude>
    <ClInclude Include="..\public\CResource_Bone.h">
      <Filter>02. Singleton\02. Design\09. Resource_Manager\Resource\Bone</Filter>
    </ClInclude>
    <ClInclude Include="..\public\CResource_Mesh.h">
      <Filter>02. Singleton\02. Design\09. Resource_Manager\Resource\Mesh</Filter>
    </ClInclude>
    <ClInclude Include="..\public\CResource_Animation.h">
      <Filter>02. Singleton\02. Design\09. Resource_Manager\Resource\Animaiton</Filter>
    </ClInclude>
    <ClInclude Include="..\public\CUtility_File.h">
      <Filter>04. Module\Utility_FIle</Filter>
    </ClInclude>
    <ClInclude Include="..\public\CNavigation.h">
      <Filter>03. Instances\03. Component\14. Navigation</Filter>
    </ClInclude>
    <ClInclude Include="..\public\CCell.h">
      <Filter>03. Instances\03. Component\14. Navigation\Cell</Filter>
    </ClInclude>
    <ClInclude Include="..\public\CFrustum_Manager.h">
      <Filter>02. Singleton\02. Design\16. Frustum_Manager</Filter>
    </ClInclude>
    <ClInclude Include="..\public\CInstanceMesh.h">
      <Filter>03. Instances\03. Component\12. Model\InstanceMesh</Filter>
    </ClInclude>
    <ClInclude Include="..\Public\DebugDraw.h">
      <Filter>03. Instances\03. Component\02. Collider\DebugDraw</Filter>
    </ClInclude>
    <ClInclude Include="..\public\CRenderTarget.h">
      <Filter>02. Singleton\02. Design\17. Target_Manager\Target</Filter>
    </ClInclude>
    <ClInclude Include="..\public\CLight_Manager.h">
      <Filter>02. Singleton\02. Design\18. Light_Manager</Filter>
    </ClInclude>
    <ClInclude Include="..\public\CTarget_Manager.h">
      <Filter>02. Singleton\02. Design\17. Target_Manager</Filter>
    </ClInclude>
    <ClInclude Include="..\public\CLight.h">
      <Filter>02. Singleton\02. Design\18. Light_Manager\Light</Filter>
    </ClInclude>
    <ClInclude Include="..\public\CRect_Instance.h">
      <Filter>03. Instances\03. Component\10. Mesh\11. RectInstance</Filter>
    </ClInclude>
    <ClInclude Include="..\public\CTri_Instance.h">
      <Filter>03. Instances\03. Component\10. Mesh\Mesh_TriInstance</Filter>
    </ClInclude>
    <ClInclude Include="..\Public\Easing_Utillity.h">
      <Filter>04. Module\Utility_Easing</Filter>
    </ClInclude>
    <ClInclude Include="..\Public\PhysX_Manager.h">
      <Filter>02. Singleton\02. Design\19. PhysX_Manager</Filter>
    </ClInclude>
    <ClInclude Include="..\Public\PhysXCollider.h">
      <Filter>02. Singleton\02. Design\19. PhysX_Manager\PhysXCollider</Filter>
    </ClInclude>
    <ClInclude Include="..\public\CPhysXCharacter.h">
      <Filter>02. Singleton\02. Design\19. PhysX_Manager\PhysXCharacter</Filter>
    </ClInclude>
    <ClInclude Include="..\public\CUtility_PhysX.h">
      <Filter>04. Module\Utility_PhysX</Filter>
    </ClInclude>
    <ClInclude Include="..\public\CBoneCollider.h">
      <Filter>02. Singleton\02. Design\19. PhysX_Manager\BoneCollider</Filter>
    </ClInclude>
    <ClInclude Include="..\Public\PhysX\characterkinematic\PxBoxController.h">
      <Filter>99. Default\PhysX</Filter>
    </ClInclude>
    <ClInclude Include="..\Public\PhysX\characterkinematic\PxCapsuleController.h">
      <Filter>99. Default\PhysX</Filter>
    </ClInclude>
    <ClInclude Include="..\Public\PhysX\characterkinematic\PxController.h">
      <Filter>99. Default\PhysX</Filter>
    </ClInclude>
    <ClInclude Include="..\Public\PhysX\characterkinematic\PxControllerBehavior.h">
      <Filter>99. Default\PhysX</Filter>
    </ClInclude>
    <ClInclude Include="..\Public\PhysX\characterkinematic\PxControllerManager.h">
      <Filter>99. Default\PhysX</Filter>
    </ClInclude>
    <ClInclude Include="..\Public\PhysX\characterkinematic\PxControllerObstacles.h">
      <Filter>99. Default\PhysX</Filter>
    </ClInclude>
    <ClInclude Include="..\Public\PhysX\characterkinematic\PxExtended.h">
      <Filter>99. Default\PhysX</Filter>
    </ClInclude>
    <ClInclude Include="..\Public\PhysX\collision\PxCollisionDefs.h">
      <Filter>99. Default\PhysX</Filter>
    </ClInclude>
    <ClInclude Include="..\Public\PhysX\common\PxBase.h">
      <Filter>99. Default\PhysX</Filter>
    </ClInclude>
    <ClInclude Include="..\Public\PhysX\common\PxCollection.h">
      <Filter>99. Default\PhysX</Filter>
    </ClInclude>
    <ClInclude Include="..\Public\PhysX\common\PxCoreUtilityTypes.h">
      <Filter>99. Default\PhysX</Filter>
    </ClInclude>
    <ClInclude Include="..\Public\PhysX\common\PxMetaData.h">
      <Filter>99. Default\PhysX</Filter>
    </ClInclude>
    <ClInclude Include="..\Public\PhysX\common\PxMetaDataFlags.h">
      <Filter>99. Default\PhysX</Filter>
    </ClInclude>
    <ClInclude Include="..\Public\PhysX\common\PxPhysicsInsertionCallback.h">
      <Filter>99. Default\PhysX</Filter>
    </ClInclude>
    <ClInclude Include="..\Public\PhysX\common\PxPhysXCommonConfig.h">
      <Filter>99. Default\PhysX</Filter>
    </ClInclude>
    <ClInclude Include="..\Public\PhysX\common\PxProfileZone.h">
      <Filter>99. Default\PhysX</Filter>
    </ClInclude>
    <ClInclude Include="..\Public\PhysX\common\PxRenderBuffer.h">
      <Filter>99. Default\PhysX</Filter>
    </ClInclude>
    <ClInclude Include="..\Public\PhysX\common\PxSerialFramework.h">
      <Filter>99. Default\PhysX</Filter>
    </ClInclude>
    <ClInclude Include="..\Public\PhysX\common\PxSerializer.h">
      <Filter>99. Default\PhysX</Filter>
    </ClInclude>
    <ClInclude Include="..\Public\PhysX\common\PxStringTable.h">
      <Filter>99. Default\PhysX</Filter>
    </ClInclude>
    <ClInclude Include="..\Public\PhysX\common\PxTolerancesScale.h">
      <Filter>99. Default\PhysX</Filter>
    </ClInclude>
    <ClInclude Include="..\Public\PhysX\common\PxTypeInfo.h">
      <Filter>99. Default\PhysX</Filter>
    </ClInclude>
    <ClInclude Include="..\Public\PhysX\common\windows\PxWindowsDelayLoadHook.h">
      <Filter>99. Default\PhysX</Filter>
    </ClInclude>
    <ClInclude Include="..\Public\PhysX\cooking\PxBVH33MidphaseDesc.h">
      <Filter>99. Default\PhysX</Filter>
    </ClInclude>
    <ClInclude Include="..\Public\PhysX\cooking\PxBVH34MidphaseDesc.h">
      <Filter>99. Default\PhysX</Filter>
    </ClInclude>
    <ClInclude Include="..\Public\PhysX\cooking\PxBVHStructureDesc.h">
      <Filter>99. Default\PhysX</Filter>
    </ClInclude>
    <ClInclude Include="..\Public\PhysX\cooking\Pxc.h">
      <Filter>99. Default\PhysX</Filter>
    </ClInclude>
    <ClInclude Include="..\Public\PhysX\cooking\PxConvexMeshDesc.h">
      <Filter>99. Default\PhysX</Filter>
    </ClInclude>
    <ClInclude Include="..\Public\PhysX\cooking\PxCooking.h">
      <Filter>99. Default\PhysX</Filter>
    </ClInclude>
    <ClInclude Include="..\Public\PhysX\cooking\PxMidphaseDesc.h">
      <Filter>99. Default\PhysX</Filter>
    </ClInclude>
    <ClInclude Include="..\Public\PhysX\cooking\PxTriangleMeshDesc.h">
      <Filter>99. Default\PhysX</Filter>
    </ClInclude>
    <ClInclude Include="..\Public\PhysX\cudamanager\PxCudaContextManager.h">
      <Filter>99. Default\PhysX</Filter>
    </ClInclude>
    <ClInclude Include="..\Public\PhysX\cudamanager\PxCudaMemoryManager.h">
      <Filter>99. Default\PhysX</Filter>
    </ClInclude>
    <ClInclude Include="..\Public\PhysX\extensions\PxBinaryConverter.h">
      <Filter>99. Default\PhysX</Filter>
    </ClInclude>
    <ClInclude Include="..\Public\PhysX\extensions\PxBroadPhaseExt.h">
      <Filter>99. Default\PhysX</Filter>
    </ClInclude>
    <ClInclude Include="..\Public\PhysX\extensions\PxCollectionExt.h">
      <Filter>99. Default\PhysX</Filter>
    </ClInclude>
    <ClInclude Include="..\Public\PhysX\extensions\PxConstraintExt.h">
      <Filter>99. Default\PhysX</Filter>
    </ClInclude>
    <ClInclude Include="..\Public\PhysX\extensions\PxContactJoint.h">
      <Filter>99. Default\PhysX</Filter>
    </ClInclude>
    <ClInclude Include="..\Public\PhysX\extensions\PxConvexMeshExt.h">
      <Filter>99. Default\PhysX</Filter>
    </ClInclude>
    <ClInclude Include="..\Public\PhysX\extensions\PxD6Joint.h">
      <Filter>99. Default\PhysX</Filter>
    </ClInclude>
    <ClInclude Include="..\Public\PhysX\extensions\PxD6JointCreate.h">
      <Filter>99. Default\PhysX</Filter>
    </ClInclude>
    <ClInclude Include="..\Public\PhysX\extensions\PxDefaultAllocator.h">
      <Filter>99. Default\PhysX</Filter>
    </ClInclude>
    <ClInclude Include="..\Public\PhysX\extensions\PxDefaultCpuDispatcher.h">
      <Filter>99. Default\PhysX</Filter>
    </ClInclude>
    <ClInclude Include="..\Public\PhysX\extensions\PxDefaultErrorCallback.h">
      <Filter>99. Default\PhysX</Filter>
    </ClInclude>
    <ClInclude Include="..\Public\PhysX\extensions\PxDefaultSimulationFilterShader.h">
      <Filter>99. Default\PhysX</Filter>
    </ClInclude>
    <ClInclude Include="..\Public\PhysX\extensions\PxDefaultStreams.h">
      <Filter>99. Default\PhysX</Filter>
    </ClInclude>
    <ClInclude Include="..\Public\PhysX\extensions\PxDistanceJoint.h">
      <Filter>99. Default\PhysX</Filter>
    </ClInclude>
    <ClInclude Include="..\Public\PhysX\extensions\PxExtensionsAPI.h">
      <Filter>99. Default\PhysX</Filter>
    </ClInclude>
    <ClInclude Include="..\Public\PhysX\extensions\PxFixedJoint.h">
      <Filter>99. Default\PhysX</Filter>
    </ClInclude>
    <ClInclude Include="..\Public\PhysX\extensions\PxJoint.h">
      <Filter>99. Default\PhysX</Filter>
    </ClInclude>
    <ClInclude Include="..\Public\PhysX\extensions\PxJointLimit.h">
      <Filter>99. Default\PhysX</Filter>
    </ClInclude>
    <ClInclude Include="..\Public\PhysX\extensions\PxMassProperties.h">
      <Filter>99. Default\PhysX</Filter>
    </ClInclude>
    <ClInclude Include="..\Public\PhysX\extensions\PxPrismaticJoint.h">
      <Filter>99. Default\PhysX</Filter>
    </ClInclude>
    <ClInclude Include="..\Public\PhysX\extensions\PxRaycastCCD.h">
      <Filter>99. Default\PhysX</Filter>
    </ClInclude>
    <ClInclude Include="..\Public\PhysX\extensions\PxRepXSerializer.h">
      <Filter>99. Default\PhysX</Filter>
    </ClInclude>
    <ClInclude Include="..\Public\PhysX\extensions\PxRepXSimpleType.h">
      <Filter>99. Default\PhysX</Filter>
    </ClInclude>
    <ClInclude Include="..\Public\PhysX\extensions\PxRevoluteJoint.h">
      <Filter>99. Default\PhysX</Filter>
    </ClInclude>
    <ClInclude Include="..\Public\PhysX\extensions\PxRigidActorExt.h">
      <Filter>99. Default\PhysX</Filter>
    </ClInclude>
    <ClInclude Include="..\Public\PhysX\extensions\PxRigidBodyExt.h">
      <Filter>99. Default\PhysX</Filter>
    </ClInclude>
    <ClInclude Include="..\Public\PhysX\extensions\PxSceneQueryExt.h">
      <Filter>99. Default\PhysX</Filter>
    </ClInclude>
    <ClInclude Include="..\Public\PhysX\extensions\PxSerialization.h">
      <Filter>99. Default\PhysX</Filter>
    </ClInclude>
    <ClInclude Include="..\Public\PhysX\extensions\PxShapeExt.h">
      <Filter>99. Default\PhysX</Filter>
    </ClInclude>
    <ClInclude Include="..\Public\PhysX\extensions\PxSimpleFactory.h">
      <Filter>99. Default\PhysX</Filter>
    </ClInclude>
    <ClInclude Include="..\Public\PhysX\extensions\PxSmoothNormals.h">
      <Filter>99. Default\PhysX</Filter>
    </ClInclude>
    <ClInclude Include="..\Public\PhysX\extensions\PxSphericalJoint.h">
      <Filter>99. Default\PhysX</Filter>
    </ClInclude>
    <ClInclude Include="..\Public\PhysX\extensions\PxStringTableExt.h">
      <Filter>99. Default\PhysX</Filter>
    </ClInclude>
    <ClInclude Include="..\Public\PhysX\extensions\PxTriangleMeshExt.h">
      <Filter>99. Default\PhysX</Filter>
    </ClInclude>
    <ClInclude Include="..\Public\PhysX\filebuf\PxFileBuf.h">
      <Filter>99. Default\PhysX</Filter>
    </ClInclude>
    <ClInclude Include="..\Public\PhysX\foundation\Px.h">
      <Filter>99. Default\PhysX</Filter>
    </ClInclude>
    <ClInclude Include="..\Public\PhysX\foundation\PxAllocatorCallback.h">
      <Filter>99. Default\PhysX</Filter>
    </ClInclude>
    <ClInclude Include="..\Public\PhysX\foundation\PxAssert.h">
      <Filter>99. Default\PhysX</Filter>
    </ClInclude>
    <ClInclude Include="..\Public\PhysX\foundation\PxBitAndData.h">
      <Filter>99. Default\PhysX</Filter>
    </ClInclude>
    <ClInclude Include="..\Public\PhysX\foundation\PxBounds3.h">
      <Filter>99. Default\PhysX</Filter>
    </ClInclude>
    <ClInclude Include="..\Public\PhysX\foundation\PxErrorCallback.h">
      <Filter>99. Default\PhysX</Filter>
    </ClInclude>
    <ClInclude Include="..\Public\PhysX\foundation\PxErrors.h">
      <Filter>99. Default\PhysX</Filter>
    </ClInclude>
    <ClInclude Include="..\Public\PhysX\foundation\PxFlags.h">
      <Filter>99. Default\PhysX</Filter>
    </ClInclude>
    <ClInclude Include="..\Public\PhysX\foundation\PxFoundationConfig.h">
      <Filter>99. Default\PhysX</Filter>
    </ClInclude>
    <ClInclude Include="..\Public\PhysX\foundation\PxIntrinsics.h">
      <Filter>99. Default\PhysX</Filter>
    </ClInclude>
    <ClInclude Include="..\Public\PhysX\foundation\PxIO.h">
      <Filter>99. Default\PhysX</Filter>
    </ClInclude>
    <ClInclude Include="..\Public\PhysX\foundation\PxMat33.h">
      <Filter>99. Default\PhysX</Filter>
    </ClInclude>
    <ClInclude Include="..\Public\PhysX\foundation\PxMat44.h">
      <Filter>99. Default\PhysX</Filter>
    </ClInclude>
    <ClInclude Include="..\Public\PhysX\foundation\PxMath.h">
      <Filter>99. Default\PhysX</Filter>
    </ClInclude>
    <ClInclude Include="..\Public\PhysX\foundation\PxMathUtils.h">
      <Filter>99. Default\PhysX</Filter>
    </ClInclude>
    <ClInclude Include="..\Public\PhysX\foundation\PxMemory.h">
      <Filter>99. Default\PhysX</Filter>
    </ClInclude>
    <ClInclude Include="..\Public\PhysX\foundation\PxPlane.h">
      <Filter>99. Default\PhysX</Filter>
    </ClInclude>
    <ClInclude Include="..\Public\PhysX\foundation\PxPreprocessor.h">
      <Filter>99. Default\PhysX</Filter>
    </ClInclude>
    <ClInclude Include="..\Public\PhysX\foundation\PxProfiler.h">
      <Filter>99. Default\PhysX</Filter>
    </ClInclude>
    <ClInclude Include="..\Public\PhysX\foundation\PxQuat.h">
      <Filter>99. Default\PhysX</Filter>
    </ClInclude>
    <ClInclude Include="..\Public\PhysX\foundation\PxSharedAssert.h">
      <Filter>99. Default\PhysX</Filter>
    </ClInclude>
    <ClInclude Include="..\Public\PhysX\foundation\PxSimpleTypes.h">
      <Filter>99. Default\PhysX</Filter>
    </ClInclude>
    <ClInclude Include="..\Public\PhysX\foundation\PxStrideIterator.h">
      <Filter>99. Default\PhysX</Filter>
    </ClInclude>
    <ClInclude Include="..\Public\PhysX\foundation\PxTransform.h">
      <Filter>99. Default\PhysX</Filter>
    </ClInclude>
    <ClInclude Include="..\Public\PhysX\foundation\PxUnionCast.h">
      <Filter>99. Default\PhysX</Filter>
    </ClInclude>
    <ClInclude Include="..\Public\PhysX\foundation\PxVec2.h">
      <Filter>99. Default\PhysX</Filter>
    </ClInclude>
    <ClInclude Include="..\Public\PhysX\foundation\PxVec3.h">
      <Filter>99. Default\PhysX</Filter>
    </ClInclude>
    <ClInclude Include="..\Public\PhysX\foundation\PxVec4.h">
      <Filter>99. Default\PhysX</Filter>
    </ClInclude>
    <ClInclude Include="..\Public\PhysX\foundation\unix\PxUnixIntrinsics.h">
      <Filter>99. Default\PhysX</Filter>
    </ClInclude>
    <ClInclude Include="..\Public\PhysX\foundation\windows\PxWindowsIntrinsics.h">
      <Filter>99. Default\PhysX</Filter>
    </ClInclude>
    <ClInclude Include="..\Public\PhysX\geometry\PxBoxGeometry.h">
      <Filter>99. Default\PhysX</Filter>
    </ClInclude>
    <ClInclude Include="..\Public\PhysX\geometry\PxBVHStructure.h">
      <Filter>99. Default\PhysX</Filter>
    </ClInclude>
    <ClInclude Include="..\Public\PhysX\geometry\PxCapsuleGeometry.h">
      <Filter>99. Default\PhysX</Filter>
    </ClInclude>
    <ClInclude Include="..\Public\PhysX\geometry\PxConvexMesh.h">
      <Filter>99. Default\PhysX</Filter>
    </ClInclude>
    <ClInclude Include="..\Public\PhysX\geometry\PxConvexMeshGeometry.h">
      <Filter>99. Default\PhysX</Filter>
    </ClInclude>
    <ClInclude Include="..\Public\PhysX\geometry\PxGeometry.h">
      <Filter>99. Default\PhysX</Filter>
    </ClInclude>
    <ClInclude Include="..\Public\PhysX\geometry\PxGeometryHelpers.h">
      <Filter>99. Default\PhysX</Filter>
    </ClInclude>
    <ClInclude Include="..\Public\PhysX\geometry\PxGeometryQuery.h">
      <Filter>99. Default\PhysX</Filter>
    </ClInclude>
    <ClInclude Include="..\Public\PhysX\geometry\PxHeightField.h">
      <Filter>99. Default\PhysX</Filter>
    </ClInclude>
    <ClInclude Include="..\Public\PhysX\geometry\PxHeightFieldDesc.h">
      <Filter>99. Default\PhysX</Filter>
    </ClInclude>
    <ClInclude Include="..\Public\PhysX\geometry\PxHeightFieldFlag.h">
      <Filter>99. Default\PhysX</Filter>
    </ClInclude>
    <ClInclude Include="..\Public\PhysX\geometry\PxHeightFieldGeometry.h">
      <Filter>99. Default\PhysX</Filter>
    </ClInclude>
    <ClInclude Include="..\Public\PhysX\geometry\PxHeightFieldSample.h">
      <Filter>99. Default\PhysX</Filter>
    </ClInclude>
    <ClInclude Include="..\Public\PhysX\geometry\PxMeshQuery.h">
      <Filter>99. Default\PhysX</Filter>
    </ClInclude>
    <ClInclude Include="..\Public\PhysX\geometry\PxMeshScale.h">
      <Filter>99. Default\PhysX</Filter>
    </ClInclude>
    <ClInclude Include="..\Public\PhysX\geometry\PxPlaneGeometry.h">
      <Filter>99. Default\PhysX</Filter>
    </ClInclude>
    <ClInclude Include="..\Public\PhysX\geometry\PxSimpleTriangleMesh.h">
      <Filter>99. Default\PhysX</Filter>
    </ClInclude>
    <ClInclude Include="..\Public\PhysX\geometry\PxSphereGeometry.h">
      <Filter>99. Default\PhysX</Filter>
    </ClInclude>
    <ClInclude Include="..\Public\PhysX\geometry\PxTriangle.h">
      <Filter>99. Default\PhysX</Filter>
    </ClInclude>
    <ClInclude Include="..\Public\PhysX\geometry\PxTriangleMesh.h">
      <Filter>99. Default\PhysX</Filter>
    </ClInclude>
    <ClInclude Include="..\Public\PhysX\geometry\PxTriangleMeshGeometry.h">
      <Filter>99. Default\PhysX</Filter>
    </ClInclude>
    <ClInclude Include="..\Public\PhysX\geomutils\GuContactBuffer.h">
      <Filter>99. Default\PhysX</Filter>
    </ClInclude>
    <ClInclude Include="..\Public\PhysX\geomutils\GuContactPoint.h">
      <Filter>99. Default\PhysX</Filter>
    </ClInclude>
    <ClInclude Include="..\Public\PhysX\gpu\PxGpu.h">
      <Filter>99. Default\PhysX</Filter>
    </ClInclude>
    <ClInclude Include="..\Public\PhysX\pvd\PxPvd.h">
      <Filter>99. Default\PhysX</Filter>
    </ClInclude>
    <ClInclude Include="..\Public\PhysX\pvd\PxPvdSceneClient.h">
      <Filter>99. Default\PhysX</Filter>
    </ClInclude>
    <ClInclude Include="..\Public\PhysX\pvd\PxPvdTransport.h">
      <Filter>99. Default\PhysX</Filter>
    </ClInclude>
    <ClInclude Include="..\Public\PhysX\solver\PxSolverDefs.h">
      <Filter>99. Default\PhysX</Filter>
    </ClInclude>
    <ClInclude Include="..\Public\PhysX\task\PxCpuDispatcher.h">
      <Filter>99. Default\PhysX</Filter>
    </ClInclude>
    <ClInclude Include="..\Public\PhysX\task\PxTask.h">
      <Filter>99. Default\PhysX</Filter>
    </ClInclude>
    <ClInclude Include="..\Public\PhysX\task\PxTaskDefine.h">
      <Filter>99. Default\PhysX</Filter>
    </ClInclude>
    <ClInclude Include="..\Public\PhysX\task\PxTaskManager.h">
      <Filter>99. Default\PhysX</Filter>
    </ClInclude>
    <ClInclude Include="..\Public\PhysX\vehicle\PxVehicleComponents.h">
      <Filter>99. Default\PhysX</Filter>
    </ClInclude>
    <ClInclude Include="..\Public\PhysX\vehicle\PxVehicleDrive.h">
      <Filter>99. Default\PhysX</Filter>
    </ClInclude>
    <ClInclude Include="..\Public\PhysX\vehicle\PxVehicleDrive4W.h">
      <Filter>99. Default\PhysX</Filter>
    </ClInclude>
    <ClInclude Include="..\Public\PhysX\vehicle\PxVehicleDriveNW.h">
      <Filter>99. Default\PhysX</Filter>
    </ClInclude>
    <ClInclude Include="..\Public\PhysX\vehicle\PxVehicleDriveTank.h">
      <Filter>99. Default\PhysX</Filter>
    </ClInclude>
    <ClInclude Include="..\Public\PhysX\vehicle\PxVehicleNoDrive.h">
      <Filter>99. Default\PhysX</Filter>
    </ClInclude>
    <ClInclude Include="..\Public\PhysX\vehicle\PxVehicleSDK.h">
      <Filter>99. Default\PhysX</Filter>
    </ClInclude>
    <ClInclude Include="..\Public\PhysX\vehicle\PxVehicleShaders.h">
      <Filter>99. Default\PhysX</Filter>
    </ClInclude>
    <ClInclude Include="..\Public\PhysX\vehicle\PxVehicleTireFriction.h">
      <Filter>99. Default\PhysX</Filter>
    </ClInclude>
    <ClInclude Include="..\Public\PhysX\vehicle\PxVehicleUpdate.h">
      <Filter>99. Default\PhysX</Filter>
    </ClInclude>
    <ClInclude Include="..\Public\PhysX\vehicle\PxVehicleUtil.h">
      <Filter>99. Default\PhysX</Filter>
    </ClInclude>
    <ClInclude Include="..\Public\PhysX\vehicle\PxVehicleUtilControl.h">
      <Filter>99. Default\PhysX</Filter>
    </ClInclude>
    <ClInclude Include="..\Public\PhysX\vehicle\PxVehicleUtilSetup.h">
      <Filter>99. Default\PhysX</Filter>
    </ClInclude>
    <ClInclude Include="..\Public\PhysX\vehicle\PxVehicleUtilTelemetry.h">
      <Filter>99. Default\PhysX</Filter>
    </ClInclude>
    <ClInclude Include="..\Public\PhysX\vehicle\PxVehicleWheels.h">
      <Filter>99. Default\PhysX</Filter>
    </ClInclude>
    <ClInclude Include="..\Public\PhysX\PxActor.h">
      <Filter>99. Default\PhysX</Filter>
    </ClInclude>
    <ClInclude Include="..\Public\PhysX\PxAggregate.h">
      <Filter>99. Default\PhysX</Filter>
    </ClInclude>
    <ClInclude Include="..\Public\PhysX\PxArticulation.h">
      <Filter>99. Default\PhysX</Filter>
    </ClInclude>
    <ClInclude Include="..\Public\PhysX\PxArticulationBase.h">
      <Filter>99. Default\PhysX</Filter>
    </ClInclude>
    <ClInclude Include="..\Public\PhysX\PxArticulationJoint.h">
      <Filter>99. Default\PhysX</Filter>
    </ClInclude>
    <ClInclude Include="..\Public\PhysX\PxArticulationJointReducedCoordinate.h">
      <Filter>99. Default\PhysX</Filter>
    </ClInclude>
    <ClInclude Include="..\Public\PhysX\PxArticulationLink.h">
      <Filter>99. Default\PhysX</Filter>
    </ClInclude>
    <ClInclude Include="..\Public\PhysX\PxArticulationReducedCoordinate.h">
      <Filter>99. Default\PhysX</Filter>
    </ClInclude>
    <ClInclude Include="..\Public\PhysX\PxBatchQuery.h">
      <Filter>99. Default\PhysX</Filter>
    </ClInclude>
    <ClInclude Include="..\Public\PhysX\PxBatchQueryDesc.h">
      <Filter>99. Default\PhysX</Filter>
    </ClInclude>
    <ClInclude Include="..\Public\PhysX\PxBroadPhase.h">
      <Filter>99. Default\PhysX</Filter>
    </ClInclude>
    <ClInclude Include="..\Public\PhysX\PxClient.h">
      <Filter>99. Default\PhysX</Filter>
    </ClInclude>
    <ClInclude Include="..\Public\PhysX\PxConfig.h">
      <Filter>99. Default\PhysX</Filter>
    </ClInclude>
    <ClInclude Include="..\Public\PhysX\PxConstraint.h">
      <Filter>99. Default\PhysX</Filter>
    </ClInclude>
    <ClInclude Include="..\Public\PhysX\PxConstraintDesc.h">
      <Filter>99. Default\PhysX</Filter>
    </ClInclude>
    <ClInclude Include="..\Public\PhysX\PxContact.h">
      <Filter>99. Default\PhysX</Filter>
    </ClInclude>
    <ClInclude Include="..\Public\PhysX\PxContactModifyCallback.h">
      <Filter>99. Default\PhysX</Filter>
    </ClInclude>
    <ClInclude Include="..\Public\PhysX\PxDeletionListener.h">
      <Filter>99. Default\PhysX</Filter>
    </ClInclude>
    <ClInclude Include="..\Public\PhysX\PxFiltering.h">
      <Filter>99. Default\PhysX</Filter>
    </ClInclude>
    <ClInclude Include="..\Public\PhysX\PxForceMode.h">
      <Filter>99. Default\PhysX</Filter>
    </ClInclude>
    <ClInclude Include="..\Public\PhysX\PxFoundation.h">
      <Filter>99. Default\PhysX</Filter>
    </ClInclude>
    <ClInclude Include="..\Public\PhysX\PxImmediateMode.h">
      <Filter>99. Default\PhysX</Filter>
    </ClInclude>
    <ClInclude Include="..\Public\PhysX\PxLockedData.h">
      <Filter>99. Default\PhysX</Filter>
    </ClInclude>
    <ClInclude Include="..\Public\PhysX\PxMaterial.h">
      <Filter>99. Default\PhysX</Filter>
    </ClInclude>
    <ClInclude Include="..\Public\PhysX\PxPhysics.h">
      <Filter>99. Default\PhysX</Filter>
    </ClInclude>
    <ClInclude Include="..\Public\PhysX\PxPhysicsAPI.h">
      <Filter>99. Default\PhysX</Filter>
    </ClInclude>
    <ClInclude Include="..\Public\PhysX\PxPhysicsSerialization.h">
      <Filter>99. Default\PhysX</Filter>
    </ClInclude>
    <ClInclude Include="..\Public\PhysX\PxPhysicsVersion.h">
      <Filter>99. Default\PhysX</Filter>
    </ClInclude>
    <ClInclude Include="..\Public\PhysX\PxPhysXConfig.h">
      <Filter>99. Default\PhysX</Filter>
    </ClInclude>
    <ClInclude Include="..\Public\PhysX\PxPruningStructure.h">
      <Filter>99. Default\PhysX</Filter>
    </ClInclude>
    <ClInclude Include="..\Public\PhysX\PxQueryFiltering.h">
      <Filter>99. Default\PhysX</Filter>
    </ClInclude>
    <ClInclude Include="..\Public\PhysX\PxQueryReport.h">
      <Filter>99. Default\PhysX</Filter>
    </ClInclude>
    <ClInclude Include="..\Public\PhysX\PxRigidActor.h">
      <Filter>99. Default\PhysX</Filter>
    </ClInclude>
    <ClInclude Include="..\Public\PhysX\PxRigidBody.h">
      <Filter>99. Default\PhysX</Filter>
    </ClInclude>
    <ClInclude Include="..\Public\PhysX\PxRigidDynamic.h">
      <Filter>99. Default\PhysX</Filter>
    </ClInclude>
    <ClInclude Include="..\Public\PhysX\PxRigidStatic.h">
      <Filter>99. Default\PhysX</Filter>
    </ClInclude>
    <ClInclude Include="..\Public\PhysX\PxScene.h">
      <Filter>99. Default\PhysX</Filter>
    </ClInclude>
    <ClInclude Include="..\Public\PhysX\PxSceneDesc.h">
      <Filter>99. Default\PhysX</Filter>
    </ClInclude>
    <ClInclude Include="..\Public\PhysX\PxSceneLock.h">
      <Filter>99. Default\PhysX</Filter>
    </ClInclude>
    <ClInclude Include="..\Public\PhysX\PxShape.h">
      <Filter>99. Default\PhysX</Filter>
    </ClInclude>
    <ClInclude Include="..\Public\PhysX\PxSimulationEventCallback.h">
      <Filter>99. Default\PhysX</Filter>
    </ClInclude>
    <ClInclude Include="..\Public\PhysX\PxSimulationStatistics.h">
      <Filter>99. Default\PhysX</Filter>
    </ClInclude>
    <ClInclude Include="..\Public\PhysX\PxVisualizationParameter.h">
      <Filter>99. Default\PhysX</Filter>
    </ClInclude>
    <ClInclude Include="..\Public\CTerrain_Renderer.h">
      <Filter>03. Instances\03. Component\03. Renderer\TerrainRenderer</Filter>
    </ClInclude>
  </ItemGroup>
  <ItemGroup>
    <FxCompile Include="..\Bin\ShaderFiles\Shader_Deferred.hlsl">
      <Filter>05. ShaderFiles</Filter>
    </FxCompile>
    <FxCompile Include="..\Bin\ShaderFiles\Shader_Blur.hlsl">
      <Filter>05. ShaderFiles</Filter>
    </FxCompile>
    <FxCompile Include="..\Bin\ShaderFiles\Shader_Glow.hlsl">
      <Filter>05. ShaderFiles</Filter>
    </FxCompile>
    <FxCompile Include="..\Bin\ShaderFiles\Shader_Shadow.hlsl">
      <Filter>05. ShaderFiles</Filter>
    </FxCompile>
  </ItemGroup>
</Project>